// !$*UTF8*$!
{
	archiveVersion = 1;
	classes = {
	};
	objectVersion = 46;
	objects = {

/* Begin PBXBuildFile section */
		B11703721D7D370B0016792B /* NavigationBarAppearanceViewController.swift in Sources */ = {isa = PBXBuildFile; fileRef = B11703711D7D370B0016792B /* NavigationBarAppearanceViewController.swift */; };
		B11703761D7D3BCF0016792B /* UIViewController+ActionSheetItemPicker.swift in Sources */ = {isa = PBXBuildFile; fileRef = B11703751D7D3BCF0016792B /* UIViewController+ActionSheetItemPicker.swift */; };
		B1235B1F1D6541DE00973ED5 /* CollectionView.storyboard in Resources */ = {isa = PBXBuildFile; fileRef = B1235B1D1D6541DE00973ED5 /* CollectionView.storyboard */; };
		B1235B211D65423600973ED5 /* GridCollectionViewController.swift in Sources */ = {isa = PBXBuildFile; fileRef = B1235B201D65423600973ED5 /* GridCollectionViewController.swift */; };
		B1235B231D65460D00973ED5 /* GridCollectionViewCell.swift in Sources */ = {isa = PBXBuildFile; fileRef = B1235B221D65460D00973ED5 /* GridCollectionViewCell.swift */; };
		B1235B271D6548B400973ED5 /* PageView.storyboard in Resources */ = {isa = PBXBuildFile; fileRef = B1235B251D6548B400973ED5 /* PageView.storyboard */; };
		B1235B291D65495300973ED5 /* ScrollPagingViewController.swift in Sources */ = {isa = PBXBuildFile; fileRef = B1235B281D65495300973ED5 /* ScrollPagingViewController.swift */; };
		B1235B2B1D654AF000973ED5 /* ScrollPagingViewDataSource.swift in Sources */ = {isa = PBXBuildFile; fileRef = B1235B2A1D654AF000973ED5 /* ScrollPagingViewDataSource.swift */; };
		B1235B2D1D654B5C00973ED5 /* PageContentViewController.swift in Sources */ = {isa = PBXBuildFile; fileRef = B1235B2C1D654B5C00973ED5 /* PageContentViewController.swift */; };
		B1235B311D6686B100973ED5 /* Alert.storyboard in Resources */ = {isa = PBXBuildFile; fileRef = B1235B2F1D6686B100973ED5 /* Alert.storyboard */; };
		B1235B331D6686DC00973ED5 /* AlertAndActionSheetViewController.swift in Sources */ = {isa = PBXBuildFile; fileRef = B1235B321D6686DC00973ED5 /* AlertAndActionSheetViewController.swift */; };
		B1235B371D66897C00973ED5 /* ChildView.storyboard in Resources */ = {isa = PBXBuildFile; fileRef = B1235B351D66897C00973ED5 /* ChildView.storyboard */; };
		B1235B391D6689DE00973ED5 /* SwitchChildrenViewController.swift in Sources */ = {isa = PBXBuildFile; fileRef = B1235B381D6689DE00973ED5 /* SwitchChildrenViewController.swift */; };
		B1235B3C1D668F0900973ED5 /* WebView.storyboard in Resources */ = {isa = PBXBuildFile; fileRef = B1235B3B1D668F0900973ED5 /* WebView.storyboard */; };
		B1235B3E1D668F6E00973ED5 /* UIWebViewController.swift in Sources */ = {isa = PBXBuildFile; fileRef = B1235B3D1D668F6E00973ED5 /* UIWebViewController.swift */; };
		B1235B421D66989500973ED5 /* Search.storyboard in Resources */ = {isa = PBXBuildFile; fileRef = B1235B401D66989500973ED5 /* Search.storyboard */; };
		B1235B441D66992A00973ED5 /* SearchViewController.swift in Sources */ = {isa = PBXBuildFile; fileRef = B1235B431D66992A00973ED5 /* SearchViewController.swift */; };
		B1235B471D66998800973ED5 /* AppleProduct.swift in Sources */ = {isa = PBXBuildFile; fileRef = B1235B461D66998800973ED5 /* AppleProduct.swift */; };
		B1235B491D66999E00973ED5 /* AppleProductProvider.swift in Sources */ = {isa = PBXBuildFile; fileRef = B1235B481D66999E00973ED5 /* AppleProductProvider.swift */; };
		B1235B4B1D669AEC00973ED5 /* products.json in Resources */ = {isa = PBXBuildFile; fileRef = B1235B4A1D669AEC00973ED5 /* products.json */; };
		B1235B4D1D669BEB00973ED5 /* SearchViewDataSource.swift in Sources */ = {isa = PBXBuildFile; fileRef = B1235B4C1D669BEB00973ED5 /* SearchViewDataSource.swift */; };
		B13402141DB362D400B9FC59 /* Transition.storyboard in Resources */ = {isa = PBXBuildFile; fileRef = B13402131DB362D400B9FC59 /* Transition.storyboard */; };
		B13402161DB3686D00B9FC59 /* SemiCoveredTransitionViewController.swift in Sources */ = {isa = PBXBuildFile; fileRef = B13402151DB3686D00B9FC59 /* SemiCoveredTransitionViewController.swift */; };
		B135177F1D67DE9700CC513D /* TextView.storyboard in Resources */ = {isa = PBXBuildFile; fileRef = B135177D1D67DE9700CC513D /* TextView.storyboard */; };
		B13517811D67DF8A00CC513D /* TextViewScrollOrNotViewController.swift in Sources */ = {isa = PBXBuildFile; fileRef = B13517801D67DF8A00CC513D /* TextViewScrollOrNotViewController.swift */; };
		B13517851D6EB22100CC513D /* ImagePicker.storyboard in Resources */ = {isa = PBXBuildFile; fileRef = B13517831D6EB22100CC513D /* ImagePicker.storyboard */; };
		B13517871D6EB28800CC513D /* ImagePickerViewController.swift in Sources */ = {isa = PBXBuildFile; fileRef = B13517861D6EB28800CC513D /* ImagePickerViewController.swift */; };
		B135178B1D6EB75300CC513D /* AVCapture.storyboard in Resources */ = {isa = PBXBuildFile; fileRef = B13517891D6EB75300CC513D /* AVCapture.storyboard */; };
		B135178D1D6EB76700CC513D /* VideoCaptureViewController.swift in Sources */ = {isa = PBXBuildFile; fileRef = B135178C1D6EB76700CC513D /* VideoCaptureViewController.swift */; };
		B135178F1D6EBC1100CC513D /* CodeReaderViewController.swift in Sources */ = {isa = PBXBuildFile; fileRef = B135178E1D6EBC1100CC513D /* CodeReaderViewController.swift */; };
		B13517AD1D7BE5B300CC513D /* Appearance.storyboard in Resources */ = {isa = PBXBuildFile; fileRef = B13517AB1D7BE5B300CC513D /* Appearance.storyboard */; };
		B13517AF1D7BE62800CC513D /* UIAppearanceViewController.swift in Sources */ = {isa = PBXBuildFile; fileRef = B13517AE1D7BE62800CC513D /* UIAppearanceViewController.swift */; };
		B16BB9961D13AA46007BA1CF /* AppDelegate.swift in Sources */ = {isa = PBXBuildFile; fileRef = B16BB9951D13AA46007BA1CF /* AppDelegate.swift */; };
		B16BB9981D13AA46007BA1CF /* MenuViewController.swift in Sources */ = {isa = PBXBuildFile; fileRef = B16BB9971D13AA46007BA1CF /* MenuViewController.swift */; };
		B16BB99B1D13AA46007BA1CF /* Main.storyboard in Resources */ = {isa = PBXBuildFile; fileRef = B16BB9991D13AA46007BA1CF /* Main.storyboard */; };
		B16BB99D1D13AA46007BA1CF /* Assets.xcassets in Resources */ = {isa = PBXBuildFile; fileRef = B16BB99C1D13AA46007BA1CF /* Assets.xcassets */; };
		B16BB9A01D13AA46007BA1CF /* LaunchScreen.storyboard in Resources */ = {isa = PBXBuildFile; fileRef = B16BB99E1D13AA46007BA1CF /* LaunchScreen.storyboard */; };
		B16BB9AB1D13AA46007BA1CF /* UICatalogTests.swift in Sources */ = {isa = PBXBuildFile; fileRef = B16BB9AA1D13AA46007BA1CF /* UICatalogTests.swift */; };
		B16BB9B61D13AA46007BA1CF /* UICatalogUITests.swift in Sources */ = {isa = PBXBuildFile; fileRef = B16BB9B51D13AA46007BA1CF /* UICatalogUITests.swift */; };
		B16BB9C51D13AB91007BA1CF /* TableView.storyboard in Resources */ = {isa = PBXBuildFile; fileRef = B16BB9C31D13AB91007BA1CF /* TableView.storyboard */; };
		B16BB9C81D13ABF9007BA1CF /* SelfSizingCellTableViewController.swift in Sources */ = {isa = PBXBuildFile; fileRef = B16BB9C71D13ABF9007BA1CF /* SelfSizingCellTableViewController.swift */; };
		B16BB9CD1D13AEDF007BA1CF /* articles.json in Resources */ = {isa = PBXBuildFile; fileRef = B16BB9CC1D13AEDF007BA1CF /* articles.json */; };
		B16BB9CF1D13AF97007BA1CF /* Article.swift in Sources */ = {isa = PBXBuildFile; fileRef = B16BB9CE1D13AF97007BA1CF /* Article.swift */; };
		B16BB9D11D13AFA4007BA1CF /* ArticleProvider.swift in Sources */ = {isa = PBXBuildFile; fileRef = B16BB9D01D13AFA4007BA1CF /* ArticleProvider.swift */; };
		B16BB9D31D13B6AB007BA1CF /* ArticleTableViewCell.swift in Sources */ = {isa = PBXBuildFile; fileRef = B16BB9D21D13B6AB007BA1CF /* ArticleTableViewCell.swift */; };
		B1AA131F1D86777D00D7D0A5 /* VisualEffectView.storyboard in Resources */ = {isa = PBXBuildFile; fileRef = B1AA131D1D86777D00D7D0A5 /* VisualEffectView.storyboard */; };
		B1AA13211D86788F00D7D0A5 /* VisualEffectOverlayViewController.swift in Sources */ = {isa = PBXBuildFile; fileRef = B1AA13201D86788F00D7D0A5 /* VisualEffectOverlayViewController.swift */; };
		B1AA13231D87C01700D7D0A5 /* FloatingHeaderFlowLayout.swift in Sources */ = {isa = PBXBuildFile; fileRef = B1AA13221D87C01700D7D0A5 /* FloatingHeaderFlowLayout.swift */; };
		B1B48ABF1DA09DA300459B81 /* ReadMoreTextViewController.swift in Sources */ = {isa = PBXBuildFile; fileRef = B1B48ABE1DA09DA300459B81 /* ReadMoreTextViewController.swift */; };
		B1B48AC11DA6360B00459B81 /* HorizontalCollectionViewController.swift in Sources */ = {isa = PBXBuildFile; fileRef = B1B48AC01DA6360B00459B81 /* HorizontalCollectionViewController.swift */; };
		B1B48AC31DA636E300459B81 /* HorizontalCollectionViewCell.swift in Sources */ = {isa = PBXBuildFile; fileRef = B1B48AC21DA636E300459B81 /* HorizontalCollectionViewCell.swift */; };
		B1B4CBD31DB6F2EB000F0094 /* TransitionCoverViewController.swift in Sources */ = {isa = PBXBuildFile; fileRef = B1B4CBD21DB6F2EB000F0094 /* TransitionCoverViewController.swift */; };
		B1B4CC0F1DBD817D000F0094 /* SemiCoveredPresentationTransition.swift in Sources */ = {isa = PBXBuildFile; fileRef = B1B4CC0E1DBD817D000F0094 /* SemiCoveredPresentationTransition.swift */; };
		B1F4DC231DDE76AD00CDCCFF /* PropotionalSizingCollectionViewController.swift in Sources */ = {isa = PBXBuildFile; fileRef = B1F4DC221DDE76AD00CDCCFF /* PropotionalSizingCollectionViewController.swift */; };
		B1F4DC261DDE76D200CDCCFF /* PropotionalSizingCell.swift in Sources */ = {isa = PBXBuildFile; fileRef = B1F4DC241DDE76D200CDCCFF /* PropotionalSizingCell.swift */; };
		B1F4DC271DDE76D200CDCCFF /* PropotionalSizingCell.xib in Resources */ = {isa = PBXBuildFile; fileRef = B1F4DC251DDE76D200CDCCFF /* PropotionalSizingCell.xib */; };
		B1F4DC291DDE777000CDCCFF /* PrototypeViewSizing.swift in Sources */ = {isa = PBXBuildFile; fileRef = B1F4DC281DDE777000CDCCFF /* PrototypeViewSizing.swift */; };
		B1F4DC2B1DDF23D400CDCCFF /* URLSession+DownloadImage.swift in Sources */ = {isa = PBXBuildFile; fileRef = B1F4DC2A1DDF23D400CDCCFF /* URLSession+DownloadImage.swift */; };
		B1F4DC2D1DDF258300CDCCFF /* UIImageView+URL.swift in Sources */ = {isa = PBXBuildFile; fileRef = B1F4DC2C1DDF258300CDCCFF /* UIImageView+URL.swift */; };
		B1F77EC91DF635870089DB9F /* SharedCellTableViewController.swift in Sources */ = {isa = PBXBuildFile; fileRef = B1F77EC81DF635870089DB9F /* SharedCellTableViewController.swift */; };
		B1F77ECB1DF635990089DB9F /* SharedCellCollectionViewController.swift in Sources */ = {isa = PBXBuildFile; fileRef = B1F77ECA1DF635990089DB9F /* SharedCellCollectionViewController.swift */; };
		B1F77ECD1DF635B40089DB9F /* SharedCell.swift in Sources */ = {isa = PBXBuildFile; fileRef = B1F77ECC1DF635B40089DB9F /* SharedCell.swift */; };
		B1F77ECF1DF635CA0089DB9F /* SharedCell.xib in Resources */ = {isa = PBXBuildFile; fileRef = B1F77ECE1DF635CA0089DB9F /* SharedCell.xib */; };
		B1F77ED11DF637050089DB9F /* SharedTableViewCell.swift in Sources */ = {isa = PBXBuildFile; fileRef = B1F77ED01DF637050089DB9F /* SharedTableViewCell.swift */; };
		B1F77ED31DF637170089DB9F /* SharedCollectionViewCell.swift in Sources */ = {isa = PBXBuildFile; fileRef = B1F77ED21DF637170089DB9F /* SharedCollectionViewCell.swift */; };
		B1F77ED51DFAD3F80089DB9F /* UIView+Extension.swift in Sources */ = {isa = PBXBuildFile; fileRef = B1F77ED41DFAD3F80089DB9F /* UIView+Extension.swift */; };
		B1FFECB31D7BEC1700522F51 /* UserDefaultsManager.swift in Sources */ = {isa = PBXBuildFile; fileRef = B1FFECB21D7BEC1700522F51 /* UserDefaultsManager.swift */; };
/* End PBXBuildFile section */

/* Begin PBXContainerItemProxy section */
		B16BB9A71D13AA46007BA1CF /* PBXContainerItemProxy */ = {
			isa = PBXContainerItemProxy;
			containerPortal = B16BB98A1D13AA46007BA1CF /* Project object */;
			proxyType = 1;
			remoteGlobalIDString = B16BB9911D13AA46007BA1CF;
			remoteInfo = UICatalog;
		};
		B16BB9B21D13AA46007BA1CF /* PBXContainerItemProxy */ = {
			isa = PBXContainerItemProxy;
			containerPortal = B16BB98A1D13AA46007BA1CF /* Project object */;
			proxyType = 1;
			remoteGlobalIDString = B16BB9911D13AA46007BA1CF;
			remoteInfo = UICatalog;
		};
/* End PBXContainerItemProxy section */

/* Begin PBXFileReference section */
		B11703711D7D370B0016792B /* NavigationBarAppearanceViewController.swift */ = {isa = PBXFileReference; fileEncoding = 4; lastKnownFileType = sourcecode.swift; name = NavigationBarAppearanceViewController.swift; path = Appearance/NavigationBarAppearanceViewController.swift; sourceTree = "<group>"; };
		B11703751D7D3BCF0016792B /* UIViewController+ActionSheetItemPicker.swift */ = {isa = PBXFileReference; fileEncoding = 4; lastKnownFileType = sourcecode.swift; name = "UIViewController+ActionSheetItemPicker.swift"; path = "Misc/UIViewController+ActionSheetItemPicker.swift"; sourceTree = "<group>"; };
		B1235B1E1D6541DE00973ED5 /* Base */ = {isa = PBXFileReference; lastKnownFileType = file.storyboard; name = Base; path = Base.lproj/CollectionView.storyboard; sourceTree = "<group>"; };
		B1235B201D65423600973ED5 /* GridCollectionViewController.swift */ = {isa = PBXFileReference; fileEncoding = 4; lastKnownFileType = sourcecode.swift; name = GridCollectionViewController.swift; path = CollectionView/GridCollectionViewController.swift; sourceTree = "<group>"; };
		B1235B221D65460D00973ED5 /* GridCollectionViewCell.swift */ = {isa = PBXFileReference; fileEncoding = 4; lastKnownFileType = sourcecode.swift; name = GridCollectionViewCell.swift; path = CollectionView/GridCollectionViewCell.swift; sourceTree = "<group>"; };
		B1235B261D6548B400973ED5 /* Base */ = {isa = PBXFileReference; lastKnownFileType = file.storyboard; name = Base; path = Base.lproj/PageView.storyboard; sourceTree = "<group>"; };
		B1235B281D65495300973ED5 /* ScrollPagingViewController.swift */ = {isa = PBXFileReference; fileEncoding = 4; lastKnownFileType = sourcecode.swift; name = ScrollPagingViewController.swift; path = PageView/ScrollPagingViewController.swift; sourceTree = "<group>"; };
		B1235B2A1D654AF000973ED5 /* ScrollPagingViewDataSource.swift */ = {isa = PBXFileReference; fileEncoding = 4; lastKnownFileType = sourcecode.swift; name = ScrollPagingViewDataSource.swift; path = PageView/ScrollPagingViewDataSource.swift; sourceTree = "<group>"; };
		B1235B2C1D654B5C00973ED5 /* PageContentViewController.swift */ = {isa = PBXFileReference; fileEncoding = 4; lastKnownFileType = sourcecode.swift; name = PageContentViewController.swift; path = PageView/PageContentViewController.swift; sourceTree = "<group>"; };
		B1235B301D6686B100973ED5 /* Base */ = {isa = PBXFileReference; lastKnownFileType = file.storyboard; name = Base; path = Base.lproj/Alert.storyboard; sourceTree = "<group>"; };
		B1235B321D6686DC00973ED5 /* AlertAndActionSheetViewController.swift */ = {isa = PBXFileReference; fileEncoding = 4; lastKnownFileType = sourcecode.swift; name = AlertAndActionSheetViewController.swift; path = Alert/AlertAndActionSheetViewController.swift; sourceTree = "<group>"; };
		B1235B361D66897C00973ED5 /* Base */ = {isa = PBXFileReference; lastKnownFileType = file.storyboard; name = Base; path = Base.lproj/ChildView.storyboard; sourceTree = "<group>"; };
		B1235B381D6689DE00973ED5 /* SwitchChildrenViewController.swift */ = {isa = PBXFileReference; fileEncoding = 4; lastKnownFileType = sourcecode.swift; name = SwitchChildrenViewController.swift; path = ChildView/SwitchChildrenViewController.swift; sourceTree = "<group>"; };
		B1235B3B1D668F0900973ED5 /* WebView.storyboard */ = {isa = PBXFileReference; fileEncoding = 4; lastKnownFileType = file.storyboard; name = WebView.storyboard; path = WebView/WebView.storyboard; sourceTree = "<group>"; };
		B1235B3D1D668F6E00973ED5 /* UIWebViewController.swift */ = {isa = PBXFileReference; fileEncoding = 4; lastKnownFileType = sourcecode.swift; name = UIWebViewController.swift; path = WebView/UIWebViewController.swift; sourceTree = "<group>"; };
		B1235B411D66989500973ED5 /* Base */ = {isa = PBXFileReference; lastKnownFileType = file.storyboard; name = Base; path = Base.lproj/Search.storyboard; sourceTree = "<group>"; };
		B1235B431D66992A00973ED5 /* SearchViewController.swift */ = {isa = PBXFileReference; fileEncoding = 4; lastKnownFileType = sourcecode.swift; name = SearchViewController.swift; path = Search/SearchViewController.swift; sourceTree = "<group>"; };
		B1235B461D66998800973ED5 /* AppleProduct.swift */ = {isa = PBXFileReference; fileEncoding = 4; lastKnownFileType = sourcecode.swift; name = AppleProduct.swift; path = AppleProduct/AppleProduct.swift; sourceTree = "<group>"; };
		B1235B481D66999E00973ED5 /* AppleProductProvider.swift */ = {isa = PBXFileReference; fileEncoding = 4; lastKnownFileType = sourcecode.swift; name = AppleProductProvider.swift; path = AppleProduct/AppleProductProvider.swift; sourceTree = "<group>"; };
		B1235B4A1D669AEC00973ED5 /* products.json */ = {isa = PBXFileReference; fileEncoding = 4; lastKnownFileType = text.json; name = products.json; path = AppleProduct/products.json; sourceTree = "<group>"; };
		B1235B4C1D669BEB00973ED5 /* SearchViewDataSource.swift */ = {isa = PBXFileReference; fileEncoding = 4; lastKnownFileType = sourcecode.swift; name = SearchViewDataSource.swift; path = Search/SearchViewDataSource.swift; sourceTree = "<group>"; };
		B13402131DB362D400B9FC59 /* Transition.storyboard */ = {isa = PBXFileReference; fileEncoding = 4; lastKnownFileType = file.storyboard; name = Transition.storyboard; path = Transition/Transition.storyboard; sourceTree = "<group>"; };
		B13402151DB3686D00B9FC59 /* SemiCoveredTransitionViewController.swift */ = {isa = PBXFileReference; fileEncoding = 4; lastKnownFileType = sourcecode.swift; name = SemiCoveredTransitionViewController.swift; path = Transition/SemiCoveredTransitionViewController.swift; sourceTree = "<group>"; };
		B135177E1D67DE9700CC513D /* Base */ = {isa = PBXFileReference; lastKnownFileType = file.storyboard; name = Base; path = Base.lproj/TextView.storyboard; sourceTree = "<group>"; };
		B13517801D67DF8A00CC513D /* TextViewScrollOrNotViewController.swift */ = {isa = PBXFileReference; fileEncoding = 4; lastKnownFileType = sourcecode.swift; name = TextViewScrollOrNotViewController.swift; path = TextView/TextViewScrollOrNotViewController.swift; sourceTree = "<group>"; };
		B13517841D6EB22100CC513D /* Base */ = {isa = PBXFileReference; lastKnownFileType = file.storyboard; name = Base; path = Base.lproj/ImagePicker.storyboard; sourceTree = "<group>"; };
		B13517861D6EB28800CC513D /* ImagePickerViewController.swift */ = {isa = PBXFileReference; fileEncoding = 4; lastKnownFileType = sourcecode.swift; name = ImagePickerViewController.swift; path = ImagePicker/ImagePickerViewController.swift; sourceTree = "<group>"; };
		B135178A1D6EB75300CC513D /* Base */ = {isa = PBXFileReference; lastKnownFileType = file.storyboard; name = Base; path = Base.lproj/AVCapture.storyboard; sourceTree = "<group>"; };
		B135178C1D6EB76700CC513D /* VideoCaptureViewController.swift */ = {isa = PBXFileReference; fileEncoding = 4; lastKnownFileType = sourcecode.swift; name = VideoCaptureViewController.swift; path = AVCapture/VideoCaptureViewController.swift; sourceTree = "<group>"; };
		B135178E1D6EBC1100CC513D /* CodeReaderViewController.swift */ = {isa = PBXFileReference; fileEncoding = 4; lastKnownFileType = sourcecode.swift; name = CodeReaderViewController.swift; path = AVCapture/CodeReaderViewController.swift; sourceTree = "<group>"; };
		B13517AC1D7BE5B300CC513D /* Base */ = {isa = PBXFileReference; lastKnownFileType = file.storyboard; name = Base; path = Base.lproj/Appearance.storyboard; sourceTree = "<group>"; };
		B13517AE1D7BE62800CC513D /* UIAppearanceViewController.swift */ = {isa = PBXFileReference; fileEncoding = 4; lastKnownFileType = sourcecode.swift; name = UIAppearanceViewController.swift; path = Appearance/UIAppearanceViewController.swift; sourceTree = "<group>"; };
		B16BB9921D13AA46007BA1CF /* UICatalog.app */ = {isa = PBXFileReference; explicitFileType = wrapper.application; includeInIndex = 0; path = UICatalog.app; sourceTree = BUILT_PRODUCTS_DIR; };
		B16BB9951D13AA46007BA1CF /* AppDelegate.swift */ = {isa = PBXFileReference; lastKnownFileType = sourcecode.swift; path = AppDelegate.swift; sourceTree = "<group>"; };
		B16BB9971D13AA46007BA1CF /* MenuViewController.swift */ = {isa = PBXFileReference; lastKnownFileType = sourcecode.swift; path = MenuViewController.swift; sourceTree = "<group>"; };
		B16BB99A1D13AA46007BA1CF /* Base */ = {isa = PBXFileReference; lastKnownFileType = file.storyboard; name = Base; path = Base.lproj/Main.storyboard; sourceTree = "<group>"; };
		B16BB99C1D13AA46007BA1CF /* Assets.xcassets */ = {isa = PBXFileReference; lastKnownFileType = folder.assetcatalog; path = Assets.xcassets; sourceTree = "<group>"; };
		B16BB99F1D13AA46007BA1CF /* Base */ = {isa = PBXFileReference; lastKnownFileType = file.storyboard; name = Base; path = Base.lproj/LaunchScreen.storyboard; sourceTree = "<group>"; };
		B16BB9A11D13AA46007BA1CF /* Info.plist */ = {isa = PBXFileReference; lastKnownFileType = text.plist.xml; path = Info.plist; sourceTree = "<group>"; };
		B16BB9A61D13AA46007BA1CF /* UICatalogTests.xctest */ = {isa = PBXFileReference; explicitFileType = wrapper.cfbundle; includeInIndex = 0; path = UICatalogTests.xctest; sourceTree = BUILT_PRODUCTS_DIR; };
		B16BB9AA1D13AA46007BA1CF /* UICatalogTests.swift */ = {isa = PBXFileReference; lastKnownFileType = sourcecode.swift; path = UICatalogTests.swift; sourceTree = "<group>"; };
		B16BB9AC1D13AA46007BA1CF /* Info.plist */ = {isa = PBXFileReference; lastKnownFileType = text.plist.xml; path = Info.plist; sourceTree = "<group>"; };
		B16BB9B11D13AA46007BA1CF /* UICatalogUITests.xctest */ = {isa = PBXFileReference; explicitFileType = wrapper.cfbundle; includeInIndex = 0; path = UICatalogUITests.xctest; sourceTree = BUILT_PRODUCTS_DIR; };
		B16BB9B51D13AA46007BA1CF /* UICatalogUITests.swift */ = {isa = PBXFileReference; lastKnownFileType = sourcecode.swift; path = UICatalogUITests.swift; sourceTree = "<group>"; };
		B16BB9B71D13AA46007BA1CF /* Info.plist */ = {isa = PBXFileReference; lastKnownFileType = text.plist.xml; path = Info.plist; sourceTree = "<group>"; };
		B16BB9C41D13AB91007BA1CF /* Base */ = {isa = PBXFileReference; lastKnownFileType = file.storyboard; name = Base; path = Base.lproj/TableView.storyboard; sourceTree = "<group>"; };
		B16BB9C71D13ABF9007BA1CF /* SelfSizingCellTableViewController.swift */ = {isa = PBXFileReference; fileEncoding = 4; lastKnownFileType = sourcecode.swift; name = SelfSizingCellTableViewController.swift; path = TableView/SelfSizingCellTableViewController.swift; sourceTree = "<group>"; };
		B16BB9CC1D13AEDF007BA1CF /* articles.json */ = {isa = PBXFileReference; fileEncoding = 4; lastKnownFileType = text.json; name = articles.json; path = Article/articles.json; sourceTree = "<group>"; };
		B16BB9CE1D13AF97007BA1CF /* Article.swift */ = {isa = PBXFileReference; fileEncoding = 4; lastKnownFileType = sourcecode.swift; name = Article.swift; path = Article/Article.swift; sourceTree = "<group>"; };
		B16BB9D01D13AFA4007BA1CF /* ArticleProvider.swift */ = {isa = PBXFileReference; fileEncoding = 4; lastKnownFileType = sourcecode.swift; name = ArticleProvider.swift; path = Article/ArticleProvider.swift; sourceTree = "<group>"; };
		B16BB9D21D13B6AB007BA1CF /* ArticleTableViewCell.swift */ = {isa = PBXFileReference; fileEncoding = 4; lastKnownFileType = sourcecode.swift; name = ArticleTableViewCell.swift; path = TableView/ArticleTableViewCell.swift; sourceTree = "<group>"; };
		B1AA131E1D86777D00D7D0A5 /* Base */ = {isa = PBXFileReference; lastKnownFileType = file.storyboard; name = Base; path = Base.lproj/VisualEffectView.storyboard; sourceTree = "<group>"; };
		B1AA13201D86788F00D7D0A5 /* VisualEffectOverlayViewController.swift */ = {isa = PBXFileReference; fileEncoding = 4; lastKnownFileType = sourcecode.swift; name = VisualEffectOverlayViewController.swift; path = VisualEffectView/VisualEffectOverlayViewController.swift; sourceTree = "<group>"; };
		B1AA13221D87C01700D7D0A5 /* FloatingHeaderFlowLayout.swift */ = {isa = PBXFileReference; fileEncoding = 4; lastKnownFileType = sourcecode.swift; name = FloatingHeaderFlowLayout.swift; path = CollectionView/FloatingHeaderFlowLayout.swift; sourceTree = "<group>"; };
		B1B48ABE1DA09DA300459B81 /* ReadMoreTextViewController.swift */ = {isa = PBXFileReference; fileEncoding = 4; lastKnownFileType = sourcecode.swift; name = ReadMoreTextViewController.swift; path = TextView/ReadMoreTextViewController.swift; sourceTree = "<group>"; };
		B1B48AC01DA6360B00459B81 /* HorizontalCollectionViewController.swift */ = {isa = PBXFileReference; fileEncoding = 4; lastKnownFileType = sourcecode.swift; name = HorizontalCollectionViewController.swift; path = CollectionView/HorizontalCollectionViewController.swift; sourceTree = "<group>"; };
		B1B48AC21DA636E300459B81 /* HorizontalCollectionViewCell.swift */ = {isa = PBXFileReference; fileEncoding = 4; lastKnownFileType = sourcecode.swift; name = HorizontalCollectionViewCell.swift; path = CollectionView/HorizontalCollectionViewCell.swift; sourceTree = "<group>"; };
		B1B4CBD21DB6F2EB000F0094 /* TransitionCoverViewController.swift */ = {isa = PBXFileReference; fileEncoding = 4; lastKnownFileType = sourcecode.swift; name = TransitionCoverViewController.swift; path = Transition/TransitionCoverViewController.swift; sourceTree = "<group>"; };
		B1B4CC0E1DBD817D000F0094 /* SemiCoveredPresentationTransition.swift */ = {isa = PBXFileReference; fileEncoding = 4; lastKnownFileType = sourcecode.swift; name = SemiCoveredPresentationTransition.swift; path = Transition/SemiCoveredPresentationTransition.swift; sourceTree = "<group>"; };
		B1F4DC221DDE76AD00CDCCFF /* PropotionalSizingCollectionViewController.swift */ = {isa = PBXFileReference; fileEncoding = 4; lastKnownFileType = sourcecode.swift; name = PropotionalSizingCollectionViewController.swift; path = CollectionView/PropotionalSizingCollectionViewController.swift; sourceTree = "<group>"; };
		B1F4DC241DDE76D200CDCCFF /* PropotionalSizingCell.swift */ = {isa = PBXFileReference; fileEncoding = 4; lastKnownFileType = sourcecode.swift; name = PropotionalSizingCell.swift; path = CollectionView/PropotionalSizingCell.swift; sourceTree = "<group>"; };
		B1F4DC251DDE76D200CDCCFF /* PropotionalSizingCell.xib */ = {isa = PBXFileReference; fileEncoding = 4; lastKnownFileType = file.xib; name = PropotionalSizingCell.xib; path = CollectionView/PropotionalSizingCell.xib; sourceTree = "<group>"; };
		B1F4DC281DDE777000CDCCFF /* PrototypeViewSizing.swift */ = {isa = PBXFileReference; fileEncoding = 4; lastKnownFileType = sourcecode.swift; name = PrototypeViewSizing.swift; path = CollectionView/PrototypeViewSizing.swift; sourceTree = "<group>"; };
		B1F4DC2A1DDF23D400CDCCFF /* URLSession+DownloadImage.swift */ = {isa = PBXFileReference; fileEncoding = 4; lastKnownFileType = sourcecode.swift; name = "URLSession+DownloadImage.swift"; path = "Misc/URLSession+DownloadImage.swift"; sourceTree = "<group>"; };
		B1F4DC2C1DDF258300CDCCFF /* UIImageView+URL.swift */ = {isa = PBXFileReference; fileEncoding = 4; lastKnownFileType = sourcecode.swift; name = "UIImageView+URL.swift"; path = "Misc/UIImageView+URL.swift"; sourceTree = "<group>"; };
		B1F77EC81DF635870089DB9F /* SharedCellTableViewController.swift */ = {isa = PBXFileReference; fileEncoding = 4; lastKnownFileType = sourcecode.swift; name = SharedCellTableViewController.swift; path = TableView/SharedCellTableViewController.swift; sourceTree = "<group>"; };
		B1F77ECA1DF635990089DB9F /* SharedCellCollectionViewController.swift */ = {isa = PBXFileReference; fileEncoding = 4; lastKnownFileType = sourcecode.swift; name = SharedCellCollectionViewController.swift; path = TableView/SharedCellCollectionViewController.swift; sourceTree = "<group>"; };
		B1F77ECC1DF635B40089DB9F /* SharedCell.swift */ = {isa = PBXFileReference; fileEncoding = 4; lastKnownFileType = sourcecode.swift; name = SharedCell.swift; path = TableView/SharedCell.swift; sourceTree = "<group>"; };
		B1F77ECE1DF635CA0089DB9F /* SharedCell.xib */ = {isa = PBXFileReference; fileEncoding = 4; lastKnownFileType = file.xib; name = SharedCell.xib; path = TableView/SharedCell.xib; sourceTree = "<group>"; };
		B1F77ED01DF637050089DB9F /* SharedTableViewCell.swift */ = {isa = PBXFileReference; fileEncoding = 4; lastKnownFileType = sourcecode.swift; name = SharedTableViewCell.swift; path = TableView/SharedTableViewCell.swift; sourceTree = "<group>"; };
		B1F77ED21DF637170089DB9F /* SharedCollectionViewCell.swift */ = {isa = PBXFileReference; fileEncoding = 4; lastKnownFileType = sourcecode.swift; name = SharedCollectionViewCell.swift; path = TableView/SharedCollectionViewCell.swift; sourceTree = "<group>"; };
		B1F77ED41DFAD3F80089DB9F /* UIView+Extension.swift */ = {isa = PBXFileReference; fileEncoding = 4; lastKnownFileType = sourcecode.swift; name = "UIView+Extension.swift"; path = "Misc/UIView+Extension.swift"; sourceTree = "<group>"; };
		B1FFECB21D7BEC1700522F51 /* UserDefaultsManager.swift */ = {isa = PBXFileReference; fileEncoding = 4; lastKnownFileType = sourcecode.swift; name = UserDefaultsManager.swift; path = Misc/UserDefaultsManager.swift; sourceTree = "<group>"; };
/* End PBXFileReference section */

/* Begin PBXFrameworksBuildPhase section */
		B16BB98F1D13AA46007BA1CF /* Frameworks */ = {
			isa = PBXFrameworksBuildPhase;
			buildActionMask = 2147483647;
			files = (
			);
			runOnlyForDeploymentPostprocessing = 0;
		};
		B16BB9A31D13AA46007BA1CF /* Frameworks */ = {
			isa = PBXFrameworksBuildPhase;
			buildActionMask = 2147483647;
			files = (
			);
			runOnlyForDeploymentPostprocessing = 0;
		};
		B16BB9AE1D13AA46007BA1CF /* Frameworks */ = {
			isa = PBXFrameworksBuildPhase;
			buildActionMask = 2147483647;
			files = (
			);
			runOnlyForDeploymentPostprocessing = 0;
		};
/* End PBXFrameworksBuildPhase section */

/* Begin PBXGroup section */
		B1235B1C1D6541A000973ED5 /* CollectionView */ = {
			isa = PBXGroup;
			children = (
				B1235B1D1D6541DE00973ED5 /* CollectionView.storyboard */,
				B1235B201D65423600973ED5 /* GridCollectionViewController.swift */,
				B1235B221D65460D00973ED5 /* GridCollectionViewCell.swift */,
				B1AA13221D87C01700D7D0A5 /* FloatingHeaderFlowLayout.swift */,
				B1B48AC01DA6360B00459B81 /* HorizontalCollectionViewController.swift */,
				B1B48AC21DA636E300459B81 /* HorizontalCollectionViewCell.swift */,
				B1F4DC221DDE76AD00CDCCFF /* PropotionalSizingCollectionViewController.swift */,
				B1F4DC241DDE76D200CDCCFF /* PropotionalSizingCell.swift */,
				B1F4DC281DDE777000CDCCFF /* PrototypeViewSizing.swift */,
				B1F4DC251DDE76D200CDCCFF /* PropotionalSizingCell.xib */,
			);
			name = CollectionView;
			sourceTree = "<group>";
		};
		B1235B241D65485900973ED5 /* PageView */ = {
			isa = PBXGroup;
			children = (
				B1235B251D6548B400973ED5 /* PageView.storyboard */,
				B1235B281D65495300973ED5 /* ScrollPagingViewController.swift */,
				B1235B2A1D654AF000973ED5 /* ScrollPagingViewDataSource.swift */,
				B1235B2C1D654B5C00973ED5 /* PageContentViewController.swift */,
			);
			name = PageView;
			sourceTree = "<group>";
		};
		B1235B2E1D66867B00973ED5 /* Alert */ = {
			isa = PBXGroup;
			children = (
				B1235B2F1D6686B100973ED5 /* Alert.storyboard */,
				B1235B321D6686DC00973ED5 /* AlertAndActionSheetViewController.swift */,
			);
			name = Alert;
			sourceTree = "<group>";
		};
		B1235B341D66896500973ED5 /* ChildView */ = {
			isa = PBXGroup;
			children = (
				B1235B351D66897C00973ED5 /* ChildView.storyboard */,
				B1235B381D6689DE00973ED5 /* SwitchChildrenViewController.swift */,
			);
			name = ChildView;
			sourceTree = "<group>";
		};
		B1235B3A1D668ECD00973ED5 /* WebView */ = {
			isa = PBXGroup;
			children = (
				B1235B3B1D668F0900973ED5 /* WebView.storyboard */,
				B1235B3D1D668F6E00973ED5 /* UIWebViewController.swift */,
			);
			name = WebView;
			sourceTree = "<group>";
		};
		B1235B3F1D66987200973ED5 /* Search */ = {
			isa = PBXGroup;
			children = (
				B1235B401D66989500973ED5 /* Search.storyboard */,
				B1235B431D66992A00973ED5 /* SearchViewController.swift */,
				B1235B4C1D669BEB00973ED5 /* SearchViewDataSource.swift */,
			);
			name = Search;
			sourceTree = "<group>";
		};
		B1235B451D66996E00973ED5 /* AppleProduct */ = {
			isa = PBXGroup;
			children = (
				B1235B461D66998800973ED5 /* AppleProduct.swift */,
				B1235B481D66999E00973ED5 /* AppleProductProvider.swift */,
				B1235B4A1D669AEC00973ED5 /* products.json */,
			);
			name = AppleProduct;
			sourceTree = "<group>";
		};
		B13402121DB362AD00B9FC59 /* Transision */ = {
			isa = PBXGroup;
			children = (
				B13402131DB362D400B9FC59 /* Transition.storyboard */,
				B13402151DB3686D00B9FC59 /* SemiCoveredTransitionViewController.swift */,
				B1B4CBD21DB6F2EB000F0094 /* TransitionCoverViewController.swift */,
				B1B4CC0E1DBD817D000F0094 /* SemiCoveredPresentationTransition.swift */,
			);
			name = Transision;
			sourceTree = "<group>";
		};
		B135177C1D67DE8000CC513D /* TextView */ = {
			isa = PBXGroup;
			children = (
				B135177D1D67DE9700CC513D /* TextView.storyboard */,
				B13517801D67DF8A00CC513D /* TextViewScrollOrNotViewController.swift */,
				B1B48ABE1DA09DA300459B81 /* ReadMoreTextViewController.swift */,
			);
			name = TextView;
			sourceTree = "<group>";
		};
		B13517821D6EB1F000CC513D /* ImagePicker */ = {
			isa = PBXGroup;
			children = (
				B13517831D6EB22100CC513D /* ImagePicker.storyboard */,
				B13517861D6EB28800CC513D /* ImagePickerViewController.swift */,
			);
			name = ImagePicker;
			sourceTree = "<group>";
		};
		B13517881D6EB6A800CC513D /* AVCapture */ = {
			isa = PBXGroup;
			children = (
				B13517891D6EB75300CC513D /* AVCapture.storyboard */,
				B135178C1D6EB76700CC513D /* VideoCaptureViewController.swift */,
				B135178E1D6EBC1100CC513D /* CodeReaderViewController.swift */,
			);
			name = AVCapture;
			sourceTree = "<group>";
		};
		B13517AA1D7BE59200CC513D /* Appearance */ = {
			isa = PBXGroup;
			children = (
				B13517AB1D7BE5B300CC513D /* Appearance.storyboard */,
				B13517AE1D7BE62800CC513D /* UIAppearanceViewController.swift */,
				B11703711D7D370B0016792B /* NavigationBarAppearanceViewController.swift */,
			);
			name = Appearance;
			sourceTree = "<group>";
		};
		B16BB9891D13AA46007BA1CF = {
			isa = PBXGroup;
			children = (
				B16BB9941D13AA46007BA1CF /* UICatalog */,
				B16BB9A91D13AA46007BA1CF /* UICatalogTests */,
				B16BB9B41D13AA46007BA1CF /* UICatalogUITests */,
				B16BB9931D13AA46007BA1CF /* Products */,
			);
			sourceTree = "<group>";
		};
		B16BB9931D13AA46007BA1CF /* Products */ = {
			isa = PBXGroup;
			children = (
				B16BB9921D13AA46007BA1CF /* UICatalog.app */,
				B16BB9A61D13AA46007BA1CF /* UICatalogTests.xctest */,
				B16BB9B11D13AA46007BA1CF /* UICatalogUITests.xctest */,
			);
			name = Products;
			sourceTree = "<group>";
		};
		B16BB9941D13AA46007BA1CF /* UICatalog */ = {
			isa = PBXGroup;
			children = (
				B1235B451D66996E00973ED5 /* AppleProduct */,
				B16BB9CB1D13AEC2007BA1CF /* Article */,
				B1235B241D65485900973ED5 /* PageView */,
				B1235B2E1D66867B00973ED5 /* Alert */,
				B1235B341D66896500973ED5 /* ChildView */,
				B16BB9C61D13AB97007BA1CF /* TableView */,
				B1235B1C1D6541A000973ED5 /* CollectionView */,
				B1235B3A1D668ECD00973ED5 /* WebView */,
				B135177C1D67DE8000CC513D /* TextView */,
				B1235B3F1D66987200973ED5 /* Search */,
				B13517821D6EB1F000CC513D /* ImagePicker */,
				B13517881D6EB6A800CC513D /* AVCapture */,
				B13517AA1D7BE59200CC513D /* Appearance */,
				B1AA131C1D86775E00D7D0A5 /* VisualEffectView */,
				B13402121DB362AD00B9FC59 /* Transision */,
				B1FFECB11D7BEBFE00522F51 /* Misc */,
				B16BB9951D13AA46007BA1CF /* AppDelegate.swift */,
				B16BB9971D13AA46007BA1CF /* MenuViewController.swift */,
				B16BB9991D13AA46007BA1CF /* Main.storyboard */,
				B16BB99C1D13AA46007BA1CF /* Assets.xcassets */,
				B16BB99E1D13AA46007BA1CF /* LaunchScreen.storyboard */,
				B16BB9A11D13AA46007BA1CF /* Info.plist */,
			);
			path = UICatalog;
			sourceTree = "<group>";
		};
		B16BB9A91D13AA46007BA1CF /* UICatalogTests */ = {
			isa = PBXGroup;
			children = (
				B16BB9AA1D13AA46007BA1CF /* UICatalogTests.swift */,
				B16BB9AC1D13AA46007BA1CF /* Info.plist */,
			);
			path = UICatalogTests;
			sourceTree = "<group>";
		};
		B16BB9B41D13AA46007BA1CF /* UICatalogUITests */ = {
			isa = PBXGroup;
			children = (
				B16BB9B51D13AA46007BA1CF /* UICatalogUITests.swift */,
				B16BB9B71D13AA46007BA1CF /* Info.plist */,
			);
			path = UICatalogUITests;
			sourceTree = "<group>";
		};
		B16BB9C61D13AB97007BA1CF /* TableView */ = {
			isa = PBXGroup;
			children = (
				B16BB9C31D13AB91007BA1CF /* TableView.storyboard */,
				B16BB9C71D13ABF9007BA1CF /* SelfSizingCellTableViewController.swift */,
				B16BB9D21D13B6AB007BA1CF /* ArticleTableViewCell.swift */,
				B1F77EC81DF635870089DB9F /* SharedCellTableViewController.swift */,
				B1F77ECA1DF635990089DB9F /* SharedCellCollectionViewController.swift */,
				B1F77ECC1DF635B40089DB9F /* SharedCell.swift */,
				B1F77ECE1DF635CA0089DB9F /* SharedCell.xib */,
				B1F77ED01DF637050089DB9F /* SharedTableViewCell.swift */,
				B1F77ED21DF637170089DB9F /* SharedCollectionViewCell.swift */,
			);
			name = TableView;
			sourceTree = "<group>";
		};
		B16BB9CB1D13AEC2007BA1CF /* Article */ = {
			isa = PBXGroup;
			children = (
				B16BB9CC1D13AEDF007BA1CF /* articles.json */,
				B16BB9CE1D13AF97007BA1CF /* Article.swift */,
				B16BB9D01D13AFA4007BA1CF /* ArticleProvider.swift */,
			);
			name = Article;
			sourceTree = "<group>";
		};
		B1AA131C1D86775E00D7D0A5 /* VisualEffectView */ = {
			isa = PBXGroup;
			children = (
				B1AA131D1D86777D00D7D0A5 /* VisualEffectView.storyboard */,
				B1AA13201D86788F00D7D0A5 /* VisualEffectOverlayViewController.swift */,
			);
			name = VisualEffectView;
			sourceTree = "<group>";
		};
		B1FFECB11D7BEBFE00522F51 /* Misc */ = {
			isa = PBXGroup;
			children = (
				B1FFECB21D7BEC1700522F51 /* UserDefaultsManager.swift */,
				B11703751D7D3BCF0016792B /* UIViewController+ActionSheetItemPicker.swift */,
				B1F4DC2A1DDF23D400CDCCFF /* URLSession+DownloadImage.swift */,
				B1F4DC2C1DDF258300CDCCFF /* UIImageView+URL.swift */,
				B1F77ED41DFAD3F80089DB9F /* UIView+Extension.swift */,
			);
			name = Misc;
			sourceTree = "<group>";
		};
/* End PBXGroup section */

/* Begin PBXNativeTarget section */
		B16BB9911D13AA46007BA1CF /* UICatalog */ = {
			isa = PBXNativeTarget;
			buildConfigurationList = B16BB9BA1D13AA46007BA1CF /* Build configuration list for PBXNativeTarget "UICatalog" */;
			buildPhases = (
				B16BB98E1D13AA46007BA1CF /* Sources */,
				B16BB98F1D13AA46007BA1CF /* Frameworks */,
				B16BB9901D13AA46007BA1CF /* Resources */,
			);
			buildRules = (
			);
			dependencies = (
			);
			name = UICatalog;
			productName = UICatalog;
			productReference = B16BB9921D13AA46007BA1CF /* UICatalog.app */;
			productType = "com.apple.product-type.application";
		};
		B16BB9A51D13AA46007BA1CF /* UICatalogTests */ = {
			isa = PBXNativeTarget;
			buildConfigurationList = B16BB9BD1D13AA46007BA1CF /* Build configuration list for PBXNativeTarget "UICatalogTests" */;
			buildPhases = (
				B16BB9A21D13AA46007BA1CF /* Sources */,
				B16BB9A31D13AA46007BA1CF /* Frameworks */,
				B16BB9A41D13AA46007BA1CF /* Resources */,
			);
			buildRules = (
			);
			dependencies = (
				B16BB9A81D13AA46007BA1CF /* PBXTargetDependency */,
			);
			name = UICatalogTests;
			productName = UICatalogTests;
			productReference = B16BB9A61D13AA46007BA1CF /* UICatalogTests.xctest */;
			productType = "com.apple.product-type.bundle.unit-test";
		};
		B16BB9B01D13AA46007BA1CF /* UICatalogUITests */ = {
			isa = PBXNativeTarget;
			buildConfigurationList = B16BB9C01D13AA46007BA1CF /* Build configuration list for PBXNativeTarget "UICatalogUITests" */;
			buildPhases = (
				B16BB9AD1D13AA46007BA1CF /* Sources */,
				B16BB9AE1D13AA46007BA1CF /* Frameworks */,
				B16BB9AF1D13AA46007BA1CF /* Resources */,
			);
			buildRules = (
			);
			dependencies = (
				B16BB9B31D13AA46007BA1CF /* PBXTargetDependency */,
			);
			name = UICatalogUITests;
			productName = UICatalogUITests;
			productReference = B16BB9B11D13AA46007BA1CF /* UICatalogUITests.xctest */;
			productType = "com.apple.product-type.bundle.ui-testing";
		};
/* End PBXNativeTarget section */

/* Begin PBXProject section */
		B16BB98A1D13AA46007BA1CF /* Project object */ = {
			isa = PBXProject;
			attributes = {
				LastSwiftUpdateCheck = 0730;
				LastUpgradeCheck = 0730;
				ORGANIZATIONNAME = "Yuichi Kobayashi";
				TargetAttributes = {
					B16BB9911D13AA46007BA1CF = {
						CreatedOnToolsVersion = 7.3.1;
						DevelopmentTeam = 427QQ329ZX;
						LastSwiftMigration = 0800;
					};
					B16BB9A51D13AA46007BA1CF = {
						CreatedOnToolsVersion = 7.3.1;
						LastSwiftMigration = 0800;
						TestTargetID = B16BB9911D13AA46007BA1CF;
					};
					B16BB9B01D13AA46007BA1CF = {
						CreatedOnToolsVersion = 7.3.1;
						LastSwiftMigration = 0800;
						TestTargetID = B16BB9911D13AA46007BA1CF;
					};
				};
			};
			buildConfigurationList = B16BB98D1D13AA46007BA1CF /* Build configuration list for PBXProject "UICatalog" */;
			compatibilityVersion = "Xcode 3.2";
			developmentRegion = English;
			hasScannedForEncodings = 0;
			knownRegions = (
				en,
				Base,
			);
			mainGroup = B16BB9891D13AA46007BA1CF;
			productRefGroup = B16BB9931D13AA46007BA1CF /* Products */;
			projectDirPath = "";
			projectRoot = "";
			targets = (
				B16BB9911D13AA46007BA1CF /* UICatalog */,
				B16BB9A51D13AA46007BA1CF /* UICatalogTests */,
				B16BB9B01D13AA46007BA1CF /* UICatalogUITests */,
			);
		};
/* End PBXProject section */

/* Begin PBXResourcesBuildPhase section */
		B16BB9901D13AA46007BA1CF /* Resources */ = {
			isa = PBXResourcesBuildPhase;
			buildActionMask = 2147483647;
			files = (
				B1235B3C1D668F0900973ED5 /* WebView.storyboard in Resources */,
				B16BB9A01D13AA46007BA1CF /* LaunchScreen.storyboard in Resources */,
				B13517851D6EB22100CC513D /* ImagePicker.storyboard in Resources */,
				B16BB99D1D13AA46007BA1CF /* Assets.xcassets in Resources */,
				B135177F1D67DE9700CC513D /* TextView.storyboard in Resources */,
				B1AA131F1D86777D00D7D0A5 /* VisualEffectView.storyboard in Resources */,
				B1235B271D6548B400973ED5 /* PageView.storyboard in Resources */,
				B13402141DB362D400B9FC59 /* Transition.storyboard in Resources */,
				B16BB9C51D13AB91007BA1CF /* TableView.storyboard in Resources */,
				B1235B1F1D6541DE00973ED5 /* CollectionView.storyboard in Resources */,
				B1F4DC271DDE76D200CDCCFF /* PropotionalSizingCell.xib in Resources */,
				B16BB9CD1D13AEDF007BA1CF /* articles.json in Resources */,
				B1235B421D66989500973ED5 /* Search.storyboard in Resources */,
				B16BB99B1D13AA46007BA1CF /* Main.storyboard in Resources */,
				B1F77ECF1DF635CA0089DB9F /* SharedCell.xib in Resources */,
				B1235B4B1D669AEC00973ED5 /* products.json in Resources */,
				B13517AD1D7BE5B300CC513D /* Appearance.storyboard in Resources */,
				B135178B1D6EB75300CC513D /* AVCapture.storyboard in Resources */,
				B1235B371D66897C00973ED5 /* ChildView.storyboard in Resources */,
				B1235B311D6686B100973ED5 /* Alert.storyboard in Resources */,
			);
			runOnlyForDeploymentPostprocessing = 0;
		};
		B16BB9A41D13AA46007BA1CF /* Resources */ = {
			isa = PBXResourcesBuildPhase;
			buildActionMask = 2147483647;
			files = (
			);
			runOnlyForDeploymentPostprocessing = 0;
		};
		B16BB9AF1D13AA46007BA1CF /* Resources */ = {
			isa = PBXResourcesBuildPhase;
			buildActionMask = 2147483647;
			files = (
			);
			runOnlyForDeploymentPostprocessing = 0;
		};
/* End PBXResourcesBuildPhase section */

/* Begin PBXSourcesBuildPhase section */
		B16BB98E1D13AA46007BA1CF /* Sources */ = {
			isa = PBXSourcesBuildPhase;
			buildActionMask = 2147483647;
			files = (
				B13517AF1D7BE62800CC513D /* UIAppearanceViewController.swift in Sources */,
				B1235B471D66998800973ED5 /* AppleProduct.swift in Sources */,
				B1235B4D1D669BEB00973ED5 /* SearchViewDataSource.swift in Sources */,
				B1F77ED51DFAD3F80089DB9F /* UIView+Extension.swift in Sources */,
				B1235B441D66992A00973ED5 /* SearchViewController.swift in Sources */,
				B1F77ED11DF637050089DB9F /* SharedTableViewCell.swift in Sources */,
				B13402161DB3686D00B9FC59 /* SemiCoveredTransitionViewController.swift in Sources */,
				B1F4DC2D1DDF258300CDCCFF /* UIImageView+URL.swift in Sources */,
				B1235B211D65423600973ED5 /* GridCollectionViewController.swift in Sources */,
				B1235B3E1D668F6E00973ED5 /* UIWebViewController.swift in Sources */,
				B16BB9CF1D13AF97007BA1CF /* Article.swift in Sources */,
				B13517871D6EB28800CC513D /* ImagePickerViewController.swift in Sources */,
				B1AA13231D87C01700D7D0A5 /* FloatingHeaderFlowLayout.swift in Sources */,
				B16BB9C81D13ABF9007BA1CF /* SelfSizingCellTableViewController.swift in Sources */,
				B1F77EC91DF635870089DB9F /* SharedCellTableViewController.swift in Sources */,
				B1B4CBD31DB6F2EB000F0094 /* TransitionCoverViewController.swift in Sources */,
				B13517811D67DF8A00CC513D /* TextViewScrollOrNotViewController.swift in Sources */,
				B16BB9D11D13AFA4007BA1CF /* ArticleProvider.swift in Sources */,
				B1235B2B1D654AF000973ED5 /* ScrollPagingViewDataSource.swift in Sources */,
				B1235B2D1D654B5C00973ED5 /* PageContentViewController.swift in Sources */,
				B1235B231D65460D00973ED5 /* GridCollectionViewCell.swift in Sources */,
				B1FFECB31D7BEC1700522F51 /* UserDefaultsManager.swift in Sources */,
				B16BB9981D13AA46007BA1CF /* MenuViewController.swift in Sources */,
				B135178D1D6EB76700CC513D /* VideoCaptureViewController.swift in Sources */,
				B1F4DC2B1DDF23D400CDCCFF /* URLSession+DownloadImage.swift in Sources */,
				B1F77ECB1DF635990089DB9F /* SharedCellCollectionViewController.swift in Sources */,
				B16BB9D31D13B6AB007BA1CF /* ArticleTableViewCell.swift in Sources */,
				B1F4DC261DDE76D200CDCCFF /* PropotionalSizingCell.swift in Sources */,
				B16BB9961D13AA46007BA1CF /* AppDelegate.swift in Sources */,
				B1B48AC11DA6360B00459B81 /* HorizontalCollectionViewController.swift in Sources */,
				B1B4CC0F1DBD817D000F0094 /* SemiCoveredPresentationTransition.swift in Sources */,
				B1B48AC31DA636E300459B81 /* HorizontalCollectionViewCell.swift in Sources */,
				B1F77ED31DF637170089DB9F /* SharedCollectionViewCell.swift in Sources */,
				B1F77ECD1DF635B40089DB9F /* SharedCell.swift in Sources */,
				B1F4DC231DDE76AD00CDCCFF /* PropotionalSizingCollectionViewController.swift in Sources */,
				B1F4DC291DDE777000CDCCFF /* PrototypeViewSizing.swift in Sources */,
				B1B48ABF1DA09DA300459B81 /* ReadMoreTextViewController.swift in Sources */,
				B1AA13211D86788F00D7D0A5 /* VisualEffectOverlayViewController.swift in Sources */,
				B1235B291D65495300973ED5 /* ScrollPagingViewController.swift in Sources */,
				B11703721D7D370B0016792B /* NavigationBarAppearanceViewController.swift in Sources */,
				B135178F1D6EBC1100CC513D /* CodeReaderViewController.swift in Sources */,
				B1235B491D66999E00973ED5 /* AppleProductProvider.swift in Sources */,
				B11703761D7D3BCF0016792B /* UIViewController+ActionSheetItemPicker.swift in Sources */,
				B1235B331D6686DC00973ED5 /* AlertAndActionSheetViewController.swift in Sources */,
				B1235B391D6689DE00973ED5 /* SwitchChildrenViewController.swift in Sources */,
			);
			runOnlyForDeploymentPostprocessing = 0;
		};
		B16BB9A21D13AA46007BA1CF /* Sources */ = {
			isa = PBXSourcesBuildPhase;
			buildActionMask = 2147483647;
			files = (
				B16BB9AB1D13AA46007BA1CF /* UICatalogTests.swift in Sources */,
			);
			runOnlyForDeploymentPostprocessing = 0;
		};
		B16BB9AD1D13AA46007BA1CF /* Sources */ = {
			isa = PBXSourcesBuildPhase;
			buildActionMask = 2147483647;
			files = (
				B16BB9B61D13AA46007BA1CF /* UICatalogUITests.swift in Sources */,
			);
			runOnlyForDeploymentPostprocessing = 0;
		};
/* End PBXSourcesBuildPhase section */

/* Begin PBXTargetDependency section */
		B16BB9A81D13AA46007BA1CF /* PBXTargetDependency */ = {
			isa = PBXTargetDependency;
			target = B16BB9911D13AA46007BA1CF /* UICatalog */;
			targetProxy = B16BB9A71D13AA46007BA1CF /* PBXContainerItemProxy */;
		};
		B16BB9B31D13AA46007BA1CF /* PBXTargetDependency */ = {
			isa = PBXTargetDependency;
			target = B16BB9911D13AA46007BA1CF /* UICatalog */;
			targetProxy = B16BB9B21D13AA46007BA1CF /* PBXContainerItemProxy */;
		};
/* End PBXTargetDependency section */

/* Begin PBXVariantGroup section */
		B1235B1D1D6541DE00973ED5 /* CollectionView.storyboard */ = {
			isa = PBXVariantGroup;
			children = (
				B1235B1E1D6541DE00973ED5 /* Base */,
			);
			name = CollectionView.storyboard;
			sourceTree = "<group>";
		};
		B1235B251D6548B400973ED5 /* PageView.storyboard */ = {
			isa = PBXVariantGroup;
			children = (
				B1235B261D6548B400973ED5 /* Base */,
			);
			name = PageView.storyboard;
			sourceTree = "<group>";
		};
		B1235B2F1D6686B100973ED5 /* Alert.storyboard */ = {
			isa = PBXVariantGroup;
			children = (
				B1235B301D6686B100973ED5 /* Base */,
			);
			name = Alert.storyboard;
			sourceTree = "<group>";
		};
		B1235B351D66897C00973ED5 /* ChildView.storyboard */ = {
			isa = PBXVariantGroup;
			children = (
				B1235B361D66897C00973ED5 /* Base */,
			);
			name = ChildView.storyboard;
			sourceTree = "<group>";
		};
		B1235B401D66989500973ED5 /* Search.storyboard */ = {
			isa = PBXVariantGroup;
			children = (
				B1235B411D66989500973ED5 /* Base */,
			);
			name = Search.storyboard;
			sourceTree = "<group>";
		};
		B135177D1D67DE9700CC513D /* TextView.storyboard */ = {
			isa = PBXVariantGroup;
			children = (
				B135177E1D67DE9700CC513D /* Base */,
			);
			name = TextView.storyboard;
			sourceTree = "<group>";
		};
		B13517831D6EB22100CC513D /* ImagePicker.storyboard */ = {
			isa = PBXVariantGroup;
			children = (
				B13517841D6EB22100CC513D /* Base */,
			);
			name = ImagePicker.storyboard;
			sourceTree = "<group>";
		};
		B13517891D6EB75300CC513D /* AVCapture.storyboard */ = {
			isa = PBXVariantGroup;
			children = (
				B135178A1D6EB75300CC513D /* Base */,
			);
			name = AVCapture.storyboard;
			sourceTree = "<group>";
		};
		B13517AB1D7BE5B300CC513D /* Appearance.storyboard */ = {
			isa = PBXVariantGroup;
			children = (
				B13517AC1D7BE5B300CC513D /* Base */,
			);
			name = Appearance.storyboard;
			sourceTree = "<group>";
		};
		B16BB9991D13AA46007BA1CF /* Main.storyboard */ = {
			isa = PBXVariantGroup;
			children = (
				B16BB99A1D13AA46007BA1CF /* Base */,
			);
			name = Main.storyboard;
			sourceTree = "<group>";
		};
		B16BB99E1D13AA46007BA1CF /* LaunchScreen.storyboard */ = {
			isa = PBXVariantGroup;
			children = (
				B16BB99F1D13AA46007BA1CF /* Base */,
			);
			name = LaunchScreen.storyboard;
			sourceTree = "<group>";
		};
		B16BB9C31D13AB91007BA1CF /* TableView.storyboard */ = {
			isa = PBXVariantGroup;
			children = (
				B16BB9C41D13AB91007BA1CF /* Base */,
			);
			name = TableView.storyboard;
			sourceTree = "<group>";
		};
		B1AA131D1D86777D00D7D0A5 /* VisualEffectView.storyboard */ = {
			isa = PBXVariantGroup;
			children = (
				B1AA131E1D86777D00D7D0A5 /* Base */,
			);
			name = VisualEffectView.storyboard;
			sourceTree = "<group>";
		};
/* End PBXVariantGroup section */

/* Begin XCBuildConfiguration section */
		B16BB9B81D13AA46007BA1CF /* Debug */ = {
			isa = XCBuildConfiguration;
			buildSettings = {
				ALWAYS_SEARCH_USER_PATHS = NO;
				CLANG_ANALYZER_NONNULL = YES;
				CLANG_CXX_LANGUAGE_STANDARD = "gnu++0x";
				CLANG_CXX_LIBRARY = "libc++";
				CLANG_ENABLE_MODULES = YES;
				CLANG_ENABLE_OBJC_ARC = YES;
				CLANG_WARN_BOOL_CONVERSION = YES;
				CLANG_WARN_CONSTANT_CONVERSION = YES;
				CLANG_WARN_DIRECT_OBJC_ISA_USAGE = YES_ERROR;
				CLANG_WARN_EMPTY_BODY = YES;
				CLANG_WARN_ENUM_CONVERSION = YES;
				CLANG_WARN_INT_CONVERSION = YES;
				CLANG_WARN_OBJC_ROOT_CLASS = YES_ERROR;
				CLANG_WARN_UNREACHABLE_CODE = YES;
				CLANG_WARN__DUPLICATE_METHOD_MATCH = YES;
				"CODE_SIGN_IDENTITY[sdk=iphoneos*]" = "iPhone Developer";
				COPY_PHASE_STRIP = NO;
				DEBUG_INFORMATION_FORMAT = dwarf;
				ENABLE_STRICT_OBJC_MSGSEND = YES;
				ENABLE_TESTABILITY = YES;
				GCC_C_LANGUAGE_STANDARD = gnu99;
				GCC_DYNAMIC_NO_PIC = NO;
				GCC_NO_COMMON_BLOCKS = YES;
				GCC_OPTIMIZATION_LEVEL = 0;
				GCC_PREPROCESSOR_DEFINITIONS = (
					"DEBUG=1",
					"$(inherited)",
				);
				GCC_WARN_64_TO_32_BIT_CONVERSION = YES;
				GCC_WARN_ABOUT_RETURN_TYPE = YES_ERROR;
				GCC_WARN_UNDECLARED_SELECTOR = YES;
				GCC_WARN_UNINITIALIZED_AUTOS = YES_AGGRESSIVE;
				GCC_WARN_UNUSED_FUNCTION = YES;
				GCC_WARN_UNUSED_VARIABLE = YES;
				IPHONEOS_DEPLOYMENT_TARGET = 9.3;
				MTL_ENABLE_DEBUG_INFO = YES;
				ONLY_ACTIVE_ARCH = YES;
				SDKROOT = iphoneos;
				SWIFT_OPTIMIZATION_LEVEL = "-Onone";
				TARGETED_DEVICE_FAMILY = "1,2";
			};
			name = Debug;
		};
		B16BB9B91D13AA46007BA1CF /* Release */ = {
			isa = XCBuildConfiguration;
			buildSettings = {
				ALWAYS_SEARCH_USER_PATHS = NO;
				CLANG_ANALYZER_NONNULL = YES;
				CLANG_CXX_LANGUAGE_STANDARD = "gnu++0x";
				CLANG_CXX_LIBRARY = "libc++";
				CLANG_ENABLE_MODULES = YES;
				CLANG_ENABLE_OBJC_ARC = YES;
				CLANG_WARN_BOOL_CONVERSION = YES;
				CLANG_WARN_CONSTANT_CONVERSION = YES;
				CLANG_WARN_DIRECT_OBJC_ISA_USAGE = YES_ERROR;
				CLANG_WARN_EMPTY_BODY = YES;
				CLANG_WARN_ENUM_CONVERSION = YES;
				CLANG_WARN_INT_CONVERSION = YES;
				CLANG_WARN_OBJC_ROOT_CLASS = YES_ERROR;
				CLANG_WARN_UNREACHABLE_CODE = YES;
				CLANG_WARN__DUPLICATE_METHOD_MATCH = YES;
				"CODE_SIGN_IDENTITY[sdk=iphoneos*]" = "iPhone Developer";
				COPY_PHASE_STRIP = NO;
				DEBUG_INFORMATION_FORMAT = "dwarf-with-dsym";
				ENABLE_NS_ASSERTIONS = NO;
				ENABLE_STRICT_OBJC_MSGSEND = YES;
				GCC_C_LANGUAGE_STANDARD = gnu99;
				GCC_NO_COMMON_BLOCKS = YES;
				GCC_WARN_64_TO_32_BIT_CONVERSION = YES;
				GCC_WARN_ABOUT_RETURN_TYPE = YES_ERROR;
				GCC_WARN_UNDECLARED_SELECTOR = YES;
				GCC_WARN_UNINITIALIZED_AUTOS = YES_AGGRESSIVE;
				GCC_WARN_UNUSED_FUNCTION = YES;
				GCC_WARN_UNUSED_VARIABLE = YES;
				IPHONEOS_DEPLOYMENT_TARGET = 9.3;
				MTL_ENABLE_DEBUG_INFO = NO;
				SDKROOT = iphoneos;
				TARGETED_DEVICE_FAMILY = "1,2";
				VALIDATE_PRODUCT = YES;
			};
			name = Release;
		};
		B16BB9BB1D13AA46007BA1CF /* Debug */ = {
			isa = XCBuildConfiguration;
			buildSettings = {
				ASSETCATALOG_COMPILER_APPICON_NAME = AppIcon;
				DEVELOPMENT_TEAM = 427QQ329ZX;
				INFOPLIST_FILE = UICatalog/Info.plist;
				IPHONEOS_DEPLOYMENT_TARGET = 9.0;
				LD_RUNPATH_SEARCH_PATHS = "$(inherited) @executable_path/Frameworks";
				PRODUCT_BUNDLE_IDENTIFIER = "-.UICatalog";
				PRODUCT_NAME = "$(TARGET_NAME)";
				SWIFT_VERSION = 3.0;
			};
			name = Debug;
		};
		B16BB9BC1D13AA46007BA1CF /* Release */ = {
			isa = XCBuildConfiguration;
			buildSettings = {
				ASSETCATALOG_COMPILER_APPICON_NAME = AppIcon;
				DEVELOPMENT_TEAM = 427QQ329ZX;
				INFOPLIST_FILE = UICatalog/Info.plist;
				IPHONEOS_DEPLOYMENT_TARGET = 9.0;
				LD_RUNPATH_SEARCH_PATHS = "$(inherited) @executable_path/Frameworks";
				PRODUCT_BUNDLE_IDENTIFIER = "-.UICatalog";
				PRODUCT_NAME = "$(TARGET_NAME)";
				SWIFT_VERSION = 3.0;
			};
			name = Release;
		};
		B16BB9BE1D13AA46007BA1CF /* Debug */ = {
			isa = XCBuildConfiguration;
			buildSettings = {
				BUNDLE_LOADER = "$(TEST_HOST)";
				INFOPLIST_FILE = UICatalogTests/Info.plist;
				LD_RUNPATH_SEARCH_PATHS = "$(inherited) @executable_path/Frameworks @loader_path/Frameworks";
				PRODUCT_BUNDLE_IDENTIFIER = "-.UICatalogTests";
				PRODUCT_NAME = "$(TARGET_NAME)";
				SWIFT_VERSION = 3.0;
				TEST_HOST = "$(BUILT_PRODUCTS_DIR)/UICatalog.app/UICatalog";
			};
			name = Debug;
		};
		B16BB9BF1D13AA46007BA1CF /* Release */ = {
			isa = XCBuildConfiguration;
			buildSettings = {
				BUNDLE_LOADER = "$(TEST_HOST)";
				INFOPLIST_FILE = UICatalogTests/Info.plist;
				LD_RUNPATH_SEARCH_PATHS = "$(inherited) @executable_path/Frameworks @loader_path/Frameworks";
				PRODUCT_BUNDLE_IDENTIFIER = "-.UICatalogTests";
				PRODUCT_NAME = "$(TARGET_NAME)";
				SWIFT_VERSION = 3.0;
				TEST_HOST = "$(BUILT_PRODUCTS_DIR)/UICatalog.app/UICatalog";
			};
			name = Release;
		};
		B16BB9C11D13AA46007BA1CF /* Debug */ = {
			isa = XCBuildConfiguration;
			buildSettings = {
				INFOPLIST_FILE = UICatalogUITests/Info.plist;
				LD_RUNPATH_SEARCH_PATHS = "$(inherited) @executable_path/Frameworks @loader_path/Frameworks";
				PRODUCT_BUNDLE_IDENTIFIER = "-.UICatalogUITests";
				PRODUCT_NAME = "$(TARGET_NAME)";
				SWIFT_VERSION = 3.0;
				TEST_TARGET_NAME = UICatalog;
			};
			name = Debug;
		};
		B16BB9C21D13AA46007BA1CF /* Release */ = {
			isa = XCBuildConfiguration;
			buildSettings = {
				INFOPLIST_FILE = UICatalogUITests/Info.plist;
				LD_RUNPATH_SEARCH_PATHS = "$(inherited) @executable_path/Frameworks @loader_path/Frameworks";
				PRODUCT_BUNDLE_IDENTIFIER = "-.UICatalogUITests";
				PRODUCT_NAME = "$(TARGET_NAME)";
				SWIFT_VERSION = 3.0;
				TEST_TARGET_NAME = UICatalog;
			};
			name = Release;
		};
/* End XCBuildConfiguration section */

/* Begin XCConfigurationList section */
		B16BB98D1D13AA46007BA1CF /* Build configuration list for PBXProject "UICatalog" */ = {
			isa = XCConfigurationList;
			buildConfigurations = (
				B16BB9B81D13AA46007BA1CF /* Debug */,
				B16BB9B91D13AA46007BA1CF /* Release */,
			);
			defaultConfigurationIsVisible = 0;
			defaultConfigurationName = Release;
		};
		B16BB9BA1D13AA46007BA1CF /* Build configuration list for PBXNativeTarget "UICatalog" */ = {
			isa = XCConfigurationList;
			buildConfigurations = (
				B16BB9BB1D13AA46007BA1CF /* Debug */,
				B16BB9BC1D13AA46007BA1CF /* Release */,
			);
			defaultConfigurationIsVisible = 0;
			defaultConfigurationName = Release;
		};
		B16BB9BD1D13AA46007BA1CF /* Build configuration list for PBXNativeTarget "UICatalogTests" */ = {
			isa = XCConfigurationList;
			buildConfigurations = (
				B16BB9BE1D13AA46007BA1CF /* Debug */,
				B16BB9BF1D13AA46007BA1CF /* Release */,
			);
			defaultConfigurationIsVisible = 0;
			defaultConfigurationName = Release;
		};
		B16BB9C01D13AA46007BA1CF /* Build configuration list for PBXNativeTarget "UICatalogUITests" */ = {
			isa = XCConfigurationList;
			buildConfigurations = (
				B16BB9C11D13AA46007BA1CF /* Debug */,
				B16BB9C21D13AA46007BA1CF /* Release */,
			);
			defaultConfigurationIsVisible = 0;
			defaultConfigurationName = Release;
		};
/* End XCConfigurationList section */
	};
	rootObject = B16BB98A1D13AA46007BA1CF /* Project object */;
}
