// !$*UTF8*$!
{
	archiveVersion = 1;
	classes = {
	};
	objectVersion = 46;
	objects = {

/* Begin PBXBuildFile section */
		B1235B1F1D6541DE00973ED5 /* CollectionView.storyboard in Resources */ = {isa = PBXBuildFile; fileRef = B1235B1D1D6541DE00973ED5 /* CollectionView.storyboard */; };
		B1235B211D65423600973ED5 /* GridCollectionViewController.swift in Sources */ = {isa = PBXBuildFile; fileRef = B1235B201D65423600973ED5 /* GridCollectionViewController.swift */; };
		B1235B231D65460D00973ED5 /* GridCollectionViewCell.swift in Sources */ = {isa = PBXBuildFile; fileRef = B1235B221D65460D00973ED5 /* GridCollectionViewCell.swift */; };
		B1235B271D6548B400973ED5 /* PageView.storyboard in Resources */ = {isa = PBXBuildFile; fileRef = B1235B251D6548B400973ED5 /* PageView.storyboard */; };
		B1235B291D65495300973ED5 /* ScrollPagingViewController.swift in Sources */ = {isa = PBXBuildFile; fileRef = B1235B281D65495300973ED5 /* ScrollPagingViewController.swift */; };
		B1235B2B1D654AF000973ED5 /* ScrollPagingViewDataSource.swift in Sources */ = {isa = PBXBuildFile; fileRef = B1235B2A1D654AF000973ED5 /* ScrollPagingViewDataSource.swift */; };
		B1235B2D1D654B5C00973ED5 /* PageContentViewController.swift in Sources */ = {isa = PBXBuildFile; fileRef = B1235B2C1D654B5C00973ED5 /* PageContentViewController.swift */; };
		B1235B311D6686B100973ED5 /* Alert.storyboard in Resources */ = {isa = PBXBuildFile; fileRef = B1235B2F1D6686B100973ED5 /* Alert.storyboard */; };
		B1235B331D6686DC00973ED5 /* AlertAndActionSheetViewController.swift in Sources */ = {isa = PBXBuildFile; fileRef = B1235B321D6686DC00973ED5 /* AlertAndActionSheetViewController.swift */; };
		B16BB9961D13AA46007BA1CF /* AppDelegate.swift in Sources */ = {isa = PBXBuildFile; fileRef = B16BB9951D13AA46007BA1CF /* AppDelegate.swift */; };
		B16BB9981D13AA46007BA1CF /* MenuViewController.swift in Sources */ = {isa = PBXBuildFile; fileRef = B16BB9971D13AA46007BA1CF /* MenuViewController.swift */; };
		B16BB99B1D13AA46007BA1CF /* Main.storyboard in Resources */ = {isa = PBXBuildFile; fileRef = B16BB9991D13AA46007BA1CF /* Main.storyboard */; };
		B16BB99D1D13AA46007BA1CF /* Assets.xcassets in Resources */ = {isa = PBXBuildFile; fileRef = B16BB99C1D13AA46007BA1CF /* Assets.xcassets */; };
		B16BB9A01D13AA46007BA1CF /* LaunchScreen.storyboard in Resources */ = {isa = PBXBuildFile; fileRef = B16BB99E1D13AA46007BA1CF /* LaunchScreen.storyboard */; };
		B16BB9AB1D13AA46007BA1CF /* UICatalogTests.swift in Sources */ = {isa = PBXBuildFile; fileRef = B16BB9AA1D13AA46007BA1CF /* UICatalogTests.swift */; };
		B16BB9B61D13AA46007BA1CF /* UICatalogUITests.swift in Sources */ = {isa = PBXBuildFile; fileRef = B16BB9B51D13AA46007BA1CF /* UICatalogUITests.swift */; };
		B16BB9C51D13AB91007BA1CF /* TableView.storyboard in Resources */ = {isa = PBXBuildFile; fileRef = B16BB9C31D13AB91007BA1CF /* TableView.storyboard */; };
		B16BB9C81D13ABF9007BA1CF /* SelfSizingCellTableViewController.swift in Sources */ = {isa = PBXBuildFile; fileRef = B16BB9C71D13ABF9007BA1CF /* SelfSizingCellTableViewController.swift */; };
		B16BB9CD1D13AEDF007BA1CF /* articles.json in Resources */ = {isa = PBXBuildFile; fileRef = B16BB9CC1D13AEDF007BA1CF /* articles.json */; };
		B16BB9CF1D13AF97007BA1CF /* Article.swift in Sources */ = {isa = PBXBuildFile; fileRef = B16BB9CE1D13AF97007BA1CF /* Article.swift */; };
		B16BB9D11D13AFA4007BA1CF /* ArticleProvider.swift in Sources */ = {isa = PBXBuildFile; fileRef = B16BB9D01D13AFA4007BA1CF /* ArticleProvider.swift */; };
		B16BB9D31D13B6AB007BA1CF /* ArticleTableViewCell.swift in Sources */ = {isa = PBXBuildFile; fileRef = B16BB9D21D13B6AB007BA1CF /* ArticleTableViewCell.swift */; };
/* End PBXBuildFile section */

/* Begin PBXContainerItemProxy section */
		B16BB9A71D13AA46007BA1CF /* PBXContainerItemProxy */ = {
			isa = PBXContainerItemProxy;
			containerPortal = B16BB98A1D13AA46007BA1CF /* Project object */;
			proxyType = 1;
			remoteGlobalIDString = B16BB9911D13AA46007BA1CF;
			remoteInfo = UICatalog;
		};
		B16BB9B21D13AA46007BA1CF /* PBXContainerItemProxy */ = {
			isa = PBXContainerItemProxy;
			containerPortal = B16BB98A1D13AA46007BA1CF /* Project object */;
			proxyType = 1;
			remoteGlobalIDString = B16BB9911D13AA46007BA1CF;
			remoteInfo = UICatalog;
		};
/* End PBXContainerItemProxy section */

/* Begin PBXFileReference section */
		B1235B1E1D6541DE00973ED5 /* Base */ = {isa = PBXFileReference; lastKnownFileType = file.storyboard; name = Base; path = Base.lproj/CollectionView.storyboard; sourceTree = "<group>"; };
		B1235B201D65423600973ED5 /* GridCollectionViewController.swift */ = {isa = PBXFileReference; fileEncoding = 4; lastKnownFileType = sourcecode.swift; name = GridCollectionViewController.swift; path = CollectionView/GridCollectionViewController.swift; sourceTree = "<group>"; };
		B1235B221D65460D00973ED5 /* GridCollectionViewCell.swift */ = {isa = PBXFileReference; fileEncoding = 4; lastKnownFileType = sourcecode.swift; name = GridCollectionViewCell.swift; path = CollectionView/GridCollectionViewCell.swift; sourceTree = "<group>"; };
		B1235B261D6548B400973ED5 /* Base */ = {isa = PBXFileReference; lastKnownFileType = file.storyboard; name = Base; path = Base.lproj/PageView.storyboard; sourceTree = "<group>"; };
		B1235B281D65495300973ED5 /* ScrollPagingViewController.swift */ = {isa = PBXFileReference; fileEncoding = 4; lastKnownFileType = sourcecode.swift; name = ScrollPagingViewController.swift; path = PageView/ScrollPagingViewController.swift; sourceTree = "<group>"; };
		B1235B2A1D654AF000973ED5 /* ScrollPagingViewDataSource.swift */ = {isa = PBXFileReference; fileEncoding = 4; lastKnownFileType = sourcecode.swift; name = ScrollPagingViewDataSource.swift; path = PageView/ScrollPagingViewDataSource.swift; sourceTree = "<group>"; };
		B1235B2C1D654B5C00973ED5 /* PageContentViewController.swift */ = {isa = PBXFileReference; fileEncoding = 4; lastKnownFileType = sourcecode.swift; name = PageContentViewController.swift; path = PageView/PageContentViewController.swift; sourceTree = "<group>"; };
		B1235B301D6686B100973ED5 /* Base */ = {isa = PBXFileReference; lastKnownFileType = file.storyboard; name = Base; path = Base.lproj/Alert.storyboard; sourceTree = "<group>"; };
		B1235B321D6686DC00973ED5 /* AlertAndActionSheetViewController.swift */ = {isa = PBXFileReference; fileEncoding = 4; lastKnownFileType = sourcecode.swift; name = AlertAndActionSheetViewController.swift; path = Alert/AlertAndActionSheetViewController.swift; sourceTree = "<group>"; };
		B16BB9921D13AA46007BA1CF /* UICatalog.app */ = {isa = PBXFileReference; explicitFileType = wrapper.application; includeInIndex = 0; path = UICatalog.app; sourceTree = BUILT_PRODUCTS_DIR; };
		B16BB9951D13AA46007BA1CF /* AppDelegate.swift */ = {isa = PBXFileReference; lastKnownFileType = sourcecode.swift; path = AppDelegate.swift; sourceTree = "<group>"; };
		B16BB9971D13AA46007BA1CF /* MenuViewController.swift */ = {isa = PBXFileReference; lastKnownFileType = sourcecode.swift; path = MenuViewController.swift; sourceTree = "<group>"; };
		B16BB99A1D13AA46007BA1CF /* Base */ = {isa = PBXFileReference; lastKnownFileType = file.storyboard; name = Base; path = Base.lproj/Main.storyboard; sourceTree = "<group>"; };
		B16BB99C1D13AA46007BA1CF /* Assets.xcassets */ = {isa = PBXFileReference; lastKnownFileType = folder.assetcatalog; path = Assets.xcassets; sourceTree = "<group>"; };
		B16BB99F1D13AA46007BA1CF /* Base */ = {isa = PBXFileReference; lastKnownFileType = file.storyboard; name = Base; path = Base.lproj/LaunchScreen.storyboard; sourceTree = "<group>"; };
		B16BB9A11D13AA46007BA1CF /* Info.plist */ = {isa = PBXFileReference; lastKnownFileType = text.plist.xml; path = Info.plist; sourceTree = "<group>"; };
		B16BB9A61D13AA46007BA1CF /* UICatalogTests.xctest */ = {isa = PBXFileReference; explicitFileType = wrapper.cfbundle; includeInIndex = 0; path = UICatalogTests.xctest; sourceTree = BUILT_PRODUCTS_DIR; };
		B16BB9AA1D13AA46007BA1CF /* UICatalogTests.swift */ = {isa = PBXFileReference; lastKnownFileType = sourcecode.swift; path = UICatalogTests.swift; sourceTree = "<group>"; };
		B16BB9AC1D13AA46007BA1CF /* Info.plist */ = {isa = PBXFileReference; lastKnownFileType = text.plist.xml; path = Info.plist; sourceTree = "<group>"; };
		B16BB9B11D13AA46007BA1CF /* UICatalogUITests.xctest */ = {isa = PBXFileReference; explicitFileType = wrapper.cfbundle; includeInIndex = 0; path = UICatalogUITests.xctest; sourceTree = BUILT_PRODUCTS_DIR; };
		B16BB9B51D13AA46007BA1CF /* UICatalogUITests.swift */ = {isa = PBXFileReference; lastKnownFileType = sourcecode.swift; path = UICatalogUITests.swift; sourceTree = "<group>"; };
		B16BB9B71D13AA46007BA1CF /* Info.plist */ = {isa = PBXFileReference; lastKnownFileType = text.plist.xml; path = Info.plist; sourceTree = "<group>"; };
		B16BB9C41D13AB91007BA1CF /* Base */ = {isa = PBXFileReference; lastKnownFileType = file.storyboard; name = Base; path = Base.lproj/TableView.storyboard; sourceTree = "<group>"; };
		B16BB9C71D13ABF9007BA1CF /* SelfSizingCellTableViewController.swift */ = {isa = PBXFileReference; fileEncoding = 4; lastKnownFileType = sourcecode.swift; name = SelfSizingCellTableViewController.swift; path = TableView/SelfSizingCellTableViewController.swift; sourceTree = "<group>"; };
		B16BB9CC1D13AEDF007BA1CF /* articles.json */ = {isa = PBXFileReference; fileEncoding = 4; lastKnownFileType = text.json; name = articles.json; path = Article/articles.json; sourceTree = "<group>"; };
		B16BB9CE1D13AF97007BA1CF /* Article.swift */ = {isa = PBXFileReference; fileEncoding = 4; lastKnownFileType = sourcecode.swift; name = Article.swift; path = Article/Article.swift; sourceTree = "<group>"; };
		B16BB9D01D13AFA4007BA1CF /* ArticleProvider.swift */ = {isa = PBXFileReference; fileEncoding = 4; lastKnownFileType = sourcecode.swift; name = ArticleProvider.swift; path = Article/ArticleProvider.swift; sourceTree = "<group>"; };
		B16BB9D21D13B6AB007BA1CF /* ArticleTableViewCell.swift */ = {isa = PBXFileReference; fileEncoding = 4; lastKnownFileType = sourcecode.swift; name = ArticleTableViewCell.swift; path = TableView/ArticleTableViewCell.swift; sourceTree = "<group>"; };
/* End PBXFileReference section */

/* Begin PBXFrameworksBuildPhase section */
		B16BB98F1D13AA46007BA1CF /* Frameworks */ = {
			isa = PBXFrameworksBuildPhase;
			buildActionMask = 2147483647;
			files = (
			);
			runOnlyForDeploymentPostprocessing = 0;
		};
		B16BB9A31D13AA46007BA1CF /* Frameworks */ = {
			isa = PBXFrameworksBuildPhase;
			buildActionMask = 2147483647;
			files = (
			);
			runOnlyForDeploymentPostprocessing = 0;
		};
		B16BB9AE1D13AA46007BA1CF /* Frameworks */ = {
			isa = PBXFrameworksBuildPhase;
			buildActionMask = 2147483647;
			files = (
			);
			runOnlyForDeploymentPostprocessing = 0;
		};
/* End PBXFrameworksBuildPhase section */

/* Begin PBXGroup section */
		B1235B1C1D6541A000973ED5 /* CollectionView */ = {
			isa = PBXGroup;
			children = (
				B1235B1D1D6541DE00973ED5 /* CollectionView.storyboard */,
				B1235B201D65423600973ED5 /* GridCollectionViewController.swift */,
				B1235B221D65460D00973ED5 /* GridCollectionViewCell.swift */,
			);
			name = CollectionView;
			sourceTree = "<group>";
		};
		B1235B241D65485900973ED5 /* PageView */ = {
			isa = PBXGroup;
			children = (
				B1235B251D6548B400973ED5 /* PageView.storyboard */,
				B1235B281D65495300973ED5 /* ScrollPagingViewController.swift */,
				B1235B2A1D654AF000973ED5 /* ScrollPagingViewDataSource.swift */,
				B1235B2C1D654B5C00973ED5 /* PageContentViewController.swift */,
			);
			name = PageView;
			sourceTree = "<group>";
		};
		B1235B2E1D66867B00973ED5 /* Alert */ = {
			isa = PBXGroup;
			children = (
				B1235B2F1D6686B100973ED5 /* Alert.storyboard */,
				B1235B321D6686DC00973ED5 /* AlertAndActionSheetViewController.swift */,
			);
			name = Alert;
			sourceTree = "<group>";
		};
		B16BB9891D13AA46007BA1CF = {
			isa = PBXGroup;
			children = (
				B16BB9941D13AA46007BA1CF /* UICatalog */,
				B16BB9A91D13AA46007BA1CF /* UICatalogTests */,
				B16BB9B41D13AA46007BA1CF /* UICatalogUITests */,
				B16BB9931D13AA46007BA1CF /* Products */,
			);
			sourceTree = "<group>";
		};
		B16BB9931D13AA46007BA1CF /* Products */ = {
			isa = PBXGroup;
			children = (
				B16BB9921D13AA46007BA1CF /* UICatalog.app */,
				B16BB9A61D13AA46007BA1CF /* UICatalogTests.xctest */,
				B16BB9B11D13AA46007BA1CF /* UICatalogUITests.xctest */,
			);
			name = Products;
			sourceTree = "<group>";
		};
		B16BB9941D13AA46007BA1CF /* UICatalog */ = {
			isa = PBXGroup;
			children = (
				B16BB9CB1D13AEC2007BA1CF /* Article */,
				B16BB9C61D13AB97007BA1CF /* TableView */,
				B1235B1C1D6541A000973ED5 /* CollectionView */,
				B1235B241D65485900973ED5 /* PageView */,
				B1235B2E1D66867B00973ED5 /* Alert */,
				B16BB9951D13AA46007BA1CF /* AppDelegate.swift */,
				B16BB9971D13AA46007BA1CF /* MenuViewController.swift */,
				B16BB9991D13AA46007BA1CF /* Main.storyboard */,
				B16BB99C1D13AA46007BA1CF /* Assets.xcassets */,
				B16BB99E1D13AA46007BA1CF /* LaunchScreen.storyboard */,
				B16BB9A11D13AA46007BA1CF /* Info.plist */,
			);
			path = UICatalog;
			sourceTree = "<group>";
		};
		B16BB9A91D13AA46007BA1CF /* UICatalogTests */ = {
			isa = PBXGroup;
			children = (
				B16BB9AA1D13AA46007BA1CF /* UICatalogTests.swift */,
				B16BB9AC1D13AA46007BA1CF /* Info.plist */,
			);
			path = UICatalogTests;
			sourceTree = "<group>";
		};
		B16BB9B41D13AA46007BA1CF /* UICatalogUITests */ = {
			isa = PBXGroup;
			children = (
				B16BB9B51D13AA46007BA1CF /* UICatalogUITests.swift */,
				B16BB9B71D13AA46007BA1CF /* Info.plist */,
			);
			path = UICatalogUITests;
			sourceTree = "<group>";
		};
		B16BB9C61D13AB97007BA1CF /* TableView */ = {
			isa = PBXGroup;
			children = (
				B16BB9C31D13AB91007BA1CF /* TableView.storyboard */,
				B16BB9C71D13ABF9007BA1CF /* SelfSizingCellTableViewController.swift */,
				B16BB9D21D13B6AB007BA1CF /* ArticleTableViewCell.swift */,
			);
			name = TableView;
			sourceTree = "<group>";
		};
		B16BB9CB1D13AEC2007BA1CF /* Article */ = {
			isa = PBXGroup;
			children = (
				B16BB9CC1D13AEDF007BA1CF /* articles.json */,
				B16BB9CE1D13AF97007BA1CF /* Article.swift */,
				B16BB9D01D13AFA4007BA1CF /* ArticleProvider.swift */,
			);
			name = Article;
			sourceTree = "<group>";
		};
/* End PBXGroup section */

/* Begin PBXNativeTarget section */
		B16BB9911D13AA46007BA1CF /* UICatalog */ = {
			isa = PBXNativeTarget;
			buildConfigurationList = B16BB9BA1D13AA46007BA1CF /* Build configuration list for PBXNativeTarget "UICatalog" */;
			buildPhases = (
				B16BB98E1D13AA46007BA1CF /* Sources */,
				B16BB98F1D13AA46007BA1CF /* Frameworks */,
				B16BB9901D13AA46007BA1CF /* Resources */,
			);
			buildRules = (
			);
			dependencies = (
			);
			name = UICatalog;
			productName = UICatalog;
			productReference = B16BB9921D13AA46007BA1CF /* UICatalog.app */;
			productType = "com.apple.product-type.application";
		};
		B16BB9A51D13AA46007BA1CF /* UICatalogTests */ = {
			isa = PBXNativeTarget;
			buildConfigurationList = B16BB9BD1D13AA46007BA1CF /* Build configuration list for PBXNativeTarget "UICatalogTests" */;
			buildPhases = (
				B16BB9A21D13AA46007BA1CF /* Sources */,
				B16BB9A31D13AA46007BA1CF /* Frameworks */,
				B16BB9A41D13AA46007BA1CF /* Resources */,
			);
			buildRules = (
			);
			dependencies = (
				B16BB9A81D13AA46007BA1CF /* PBXTargetDependency */,
			);
			name = UICatalogTests;
			productName = UICatalogTests;
			productReference = B16BB9A61D13AA46007BA1CF /* UICatalogTests.xctest */;
			productType = "com.apple.product-type.bundle.unit-test";
		};
		B16BB9B01D13AA46007BA1CF /* UICatalogUITests */ = {
			isa = PBXNativeTarget;
			buildConfigurationList = B16BB9C01D13AA46007BA1CF /* Build configuration list for PBXNativeTarget "UICatalogUITests" */;
			buildPhases = (
				B16BB9AD1D13AA46007BA1CF /* Sources */,
				B16BB9AE1D13AA46007BA1CF /* Frameworks */,
				B16BB9AF1D13AA46007BA1CF /* Resources */,
			);
			buildRules = (
			);
			dependencies = (
				B16BB9B31D13AA46007BA1CF /* PBXTargetDependency */,
			);
			name = UICatalogUITests;
			productName = UICatalogUITests;
			productReference = B16BB9B11D13AA46007BA1CF /* UICatalogUITests.xctest */;
			productType = "com.apple.product-type.bundle.ui-testing";
		};
/* End PBXNativeTarget section */

/* Begin PBXProject section */
		B16BB98A1D13AA46007BA1CF /* Project object */ = {
			isa = PBXProject;
			attributes = {
				LastSwiftUpdateCheck = 0730;
				LastUpgradeCheck = 0730;
				ORGANIZATIONNAME = "Yuichi Kobayashi";
				TargetAttributes = {
					B16BB9911D13AA46007BA1CF = {
						CreatedOnToolsVersion = 7.3.1;
					};
					B16BB9A51D13AA46007BA1CF = {
						CreatedOnToolsVersion = 7.3.1;
						TestTargetID = B16BB9911D13AA46007BA1CF;
					};
					B16BB9B01D13AA46007BA1CF = {
						CreatedOnToolsVersion = 7.3.1;
						TestTargetID = B16BB9911D13AA46007BA1CF;
					};
				};
			};
			buildConfigurationList = B16BB98D1D13AA46007BA1CF /* Build configuration list for PBXProject "UICatalog" */;
			compatibilityVersion = "Xcode 3.2";
			developmentRegion = English;
			hasScannedForEncodings = 0;
			knownRegions = (
				en,
				Base,
			);
			mainGroup = B16BB9891D13AA46007BA1CF;
			productRefGroup = B16BB9931D13AA46007BA1CF /* Products */;
			projectDirPath = "";
			projectRoot = "";
			targets = (
				B16BB9911D13AA46007BA1CF /* UICatalog */,
				B16BB9A51D13AA46007BA1CF /* UICatalogTests */,
				B16BB9B01D13AA46007BA1CF /* UICatalogUITests */,
			);
		};
/* End PBXProject section */

/* Begin PBXResourcesBuildPhase section */
		B16BB9901D13AA46007BA1CF /* Resources */ = {
			isa = PBXResourcesBuildPhase;
			buildActionMask = 2147483647;
			files = (
				B16BB9A01D13AA46007BA1CF /* LaunchScreen.storyboard in Resources */,
				B16BB99D1D13AA46007BA1CF /* Assets.xcassets in Resources */,
				B1235B271D6548B400973ED5 /* PageView.storyboard in Resources */,
				B16BB9C51D13AB91007BA1CF /* TableView.storyboard in Resources */,
				B1235B1F1D6541DE00973ED5 /* CollectionView.storyboard in Resources */,
				B16BB9CD1D13AEDF007BA1CF /* articles.json in Resources */,
				B16BB99B1D13AA46007BA1CF /* Main.storyboard in Resources */,
				B1235B311D6686B100973ED5 /* Alert.storyboard in Resources */,
			);
			runOnlyForDeploymentPostprocessing = 0;
		};
		B16BB9A41D13AA46007BA1CF /* Resources */ = {
			isa = PBXResourcesBuildPhase;
			buildActionMask = 2147483647;
			files = (
			);
			runOnlyForDeploymentPostprocessing = 0;
		};
		B16BB9AF1D13AA46007BA1CF /* Resources */ = {
			isa = PBXResourcesBuildPhase;
			buildActionMask = 2147483647;
			files = (
			);
			runOnlyForDeploymentPostprocessing = 0;
		};
/* End PBXResourcesBuildPhase section */

/* Begin PBXSourcesBuildPhase section */
		B16BB98E1D13AA46007BA1CF /* Sources */ = {
			isa = PBXSourcesBuildPhase;
			buildActionMask = 2147483647;
			files = (
				B1235B211D65423600973ED5 /* GridCollectionViewController.swift in Sources */,
				B16BB9CF1D13AF97007BA1CF /* Article.swift in Sources */,
				B16BB9C81D13ABF9007BA1CF /* SelfSizingCellTableViewController.swift in Sources */,
				B16BB9D11D13AFA4007BA1CF /* ArticleProvider.swift in Sources */,
				B1235B2B1D654AF000973ED5 /* ScrollPagingViewDataSource.swift in Sources */,
				B1235B2D1D654B5C00973ED5 /* PageContentViewController.swift in Sources */,
				B1235B231D65460D00973ED5 /* GridCollectionViewCell.swift in Sources */,
				B16BB9981D13AA46007BA1CF /* MenuViewController.swift in Sources */,
				B16BB9D31D13B6AB007BA1CF /* ArticleTableViewCell.swift in Sources */,
				B16BB9961D13AA46007BA1CF /* AppDelegate.swift in Sources */,
				B1235B291D65495300973ED5 /* ScrollPagingViewController.swift in Sources */,
				B1235B331D6686DC00973ED5 /* AlertAndActionSheetViewController.swift in Sources */,
			);
			runOnlyForDeploymentPostprocessing = 0;
		};
		B16BB9A21D13AA46007BA1CF /* Sources */ = {
			isa = PBXSourcesBuildPhase;
			buildActionMask = 2147483647;
			files = (
				B16BB9AB1D13AA46007BA1CF /* UICatalogTests.swift in Sources */,
			);
			runOnlyForDeploymentPostprocessing = 0;
		};
		B16BB9AD1D13AA46007BA1CF /* Sources */ = {
			isa = PBXSourcesBuildPhase;
			buildActionMask = 2147483647;
			files = (
				B16BB9B61D13AA46007BA1CF /* UICatalogUITests.swift in Sources */,
			);
			runOnlyForDeploymentPostprocessing = 0;
		};
/* End PBXSourcesBuildPhase section */

/* Begin PBXTargetDependency section */
		B16BB9A81D13AA46007BA1CF /* PBXTargetDependency */ = {
			isa = PBXTargetDependency;
			target = B16BB9911D13AA46007BA1CF /* UICatalog */;
			targetProxy = B16BB9A71D13AA46007BA1CF /* PBXContainerItemProxy */;
		};
		B16BB9B31D13AA46007BA1CF /* PBXTargetDependency */ = {
			isa = PBXTargetDependency;
			target = B16BB9911D13AA46007BA1CF /* UICatalog */;
			targetProxy = B16BB9B21D13AA46007BA1CF /* PBXContainerItemProxy */;
		};
/* End PBXTargetDependency section */

/* Begin PBXVariantGroup section */
		B1235B1D1D6541DE00973ED5 /* CollectionView.storyboard */ = {
			isa = PBXVariantGroup;
			children = (
				B1235B1E1D6541DE00973ED5 /* Base */,
			);
			name = CollectionView.storyboard;
			sourceTree = "<group>";
		};
		B1235B251D6548B400973ED5 /* PageView.storyboard */ = {
			isa = PBXVariantGroup;
			children = (
				B1235B261D6548B400973ED5 /* Base */,
			);
			name = PageView.storyboard;
			sourceTree = "<group>";
		};
		B1235B2F1D6686B100973ED5 /* Alert.storyboard */ = {
			isa = PBXVariantGroup;
			children = (
				B1235B301D6686B100973ED5 /* Base */,
			);
			name = Alert.storyboard;
			sourceTree = "<group>";
		};
		B16BB9991D13AA46007BA1CF /* Main.storyboard */ = {
			isa = PBXVariantGroup;
			children = (
				B16BB99A1D13AA46007BA1CF /* Base */,
			);
			name = Main.storyboard;
			sourceTree = "<group>";
		};
		B16BB99E1D13AA46007BA1CF /* LaunchScreen.storyboard */ = {
			isa = PBXVariantGroup;
			children = (
				B16BB99F1D13AA46007BA1CF /* Base */,
			);
			name = LaunchScreen.storyboard;
			sourceTree = "<group>";
		};
		B16BB9C31D13AB91007BA1CF /* TableView.storyboard */ = {
			isa = PBXVariantGroup;
			children = (
				B16BB9C41D13AB91007BA1CF /* Base */,
			);
			name = TableView.storyboard;
			sourceTree = "<group>";
		};
/* End PBXVariantGroup section */

/* Begin XCBuildConfiguration section */
		B16BB9B81D13AA46007BA1CF /* Debug */ = {
			isa = XCBuildConfiguration;
			buildSettings = {
				ALWAYS_SEARCH_USER_PATHS = NO;
				CLANG_ANALYZER_NONNULL = YES;
				CLANG_CXX_LANGUAGE_STANDARD = "gnu++0x";
				CLANG_CXX_LIBRARY = "libc++";
				CLANG_ENABLE_MODULES = YES;
				CLANG_ENABLE_OBJC_ARC = YES;
				CLANG_WARN_BOOL_CONVERSION = YES;
				CLANG_WARN_CONSTANT_CONVERSION = YES;
				CLANG_WARN_DIRECT_OBJC_ISA_USAGE = YES_ERROR;
				CLANG_WARN_EMPTY_BODY = YES;
				CLANG_WARN_ENUM_CONVERSION = YES;
				CLANG_WARN_INT_CONVERSION = YES;
				CLANG_WARN_OBJC_ROOT_CLASS = YES_ERROR;
				CLANG_WARN_UNREACHABLE_CODE = YES;
				CLANG_WARN__DUPLICATE_METHOD_MATCH = YES;
				"CODE_SIGN_IDENTITY[sdk=iphoneos*]" = "iPhone Developer";
				COPY_PHASE_STRIP = NO;
				DEBUG_INFORMATION_FORMAT = dwarf;
				ENABLE_STRICT_OBJC_MSGSEND = YES;
				ENABLE_TESTABILITY = YES;
				GCC_C_LANGUAGE_STANDARD = gnu99;
				GCC_DYNAMIC_NO_PIC = NO;
				GCC_NO_COMMON_BLOCKS = YES;
				GCC_OPTIMIZATION_LEVEL = 0;
				GCC_PREPROCESSOR_DEFINITIONS = (
					"DEBUG=1",
					"$(inherited)",
				);
				GCC_WARN_64_TO_32_BIT_CONVERSION = YES;
				GCC_WARN_ABOUT_RETURN_TYPE = YES_ERROR;
				GCC_WARN_UNDECLARED_SELECTOR = YES;
				GCC_WARN_UNINITIALIZED_AUTOS = YES_AGGRESSIVE;
				GCC_WARN_UNUSED_FUNCTION = YES;
				GCC_WARN_UNUSED_VARIABLE = YES;
				IPHONEOS_DEPLOYMENT_TARGET = 9.3;
				MTL_ENABLE_DEBUG_INFO = YES;
				ONLY_ACTIVE_ARCH = YES;
				SDKROOT = iphoneos;
				SWIFT_OPTIMIZATION_LEVEL = "-Onone";
				TARGETED_DEVICE_FAMILY = "1,2";
			};
			name = Debug;
		};
		B16BB9B91D13AA46007BA1CF /* Release */ = {
			isa = XCBuildConfiguration;
			buildSettings = {
				ALWAYS_SEARCH_USER_PATHS = NO;
				CLANG_ANALYZER_NONNULL = YES;
				CLANG_CXX_LANGUAGE_STANDARD = "gnu++0x";
				CLANG_CXX_LIBRARY = "libc++";
				CLANG_ENABLE_MODULES = YES;
				CLANG_ENABLE_OBJC_ARC = YES;
				CLANG_WARN_BOOL_CONVERSION = YES;
				CLANG_WARN_CONSTANT_CONVERSION = YES;
				CLANG_WARN_DIRECT_OBJC_ISA_USAGE = YES_ERROR;
				CLANG_WARN_EMPTY_BODY = YES;
				CLANG_WARN_ENUM_CONVERSION = YES;
				CLANG_WARN_INT_CONVERSION = YES;
				CLANG_WARN_OBJC_ROOT_CLASS = YES_ERROR;
				CLANG_WARN_UNREACHABLE_CODE = YES;
				CLANG_WARN__DUPLICATE_METHOD_MATCH = YES;
				"CODE_SIGN_IDENTITY[sdk=iphoneos*]" = "iPhone Developer";
				COPY_PHASE_STRIP = NO;
				DEBUG_INFORMATION_FORMAT = "dwarf-with-dsym";
				ENABLE_NS_ASSERTIONS = NO;
				ENABLE_STRICT_OBJC_MSGSEND = YES;
				GCC_C_LANGUAGE_STANDARD = gnu99;
				GCC_NO_COMMON_BLOCKS = YES;
				GCC_WARN_64_TO_32_BIT_CONVERSION = YES;
				GCC_WARN_ABOUT_RETURN_TYPE = YES_ERROR;
				GCC_WARN_UNDECLARED_SELECTOR = YES;
				GCC_WARN_UNINITIALIZED_AUTOS = YES_AGGRESSIVE;
				GCC_WARN_UNUSED_FUNCTION = YES;
				GCC_WARN_UNUSED_VARIABLE = YES;
				IPHONEOS_DEPLOYMENT_TARGET = 9.3;
				MTL_ENABLE_DEBUG_INFO = NO;
				SDKROOT = iphoneos;
				TARGETED_DEVICE_FAMILY = "1,2";
				VALIDATE_PRODUCT = YES;
			};
			name = Release;
		};
		B16BB9BB1D13AA46007BA1CF /* Debug */ = {
			isa = XCBuildConfiguration;
			buildSettings = {
				ASSETCATALOG_COMPILER_APPICON_NAME = AppIcon;
				INFOPLIST_FILE = UICatalog/Info.plist;
				IPHONEOS_DEPLOYMENT_TARGET = 8.0;
				LD_RUNPATH_SEARCH_PATHS = "$(inherited) @executable_path/Frameworks";
				PRODUCT_BUNDLE_IDENTIFIER = "-.UICatalog";
				PRODUCT_NAME = "$(TARGET_NAME)";
			};
			name = Debug;
		};
		B16BB9BC1D13AA46007BA1CF /* Release */ = {
			isa = XCBuildConfiguration;
			buildSettings = {
				ASSETCATALOG_COMPILER_APPICON_NAME = AppIcon;
				INFOPLIST_FILE = UICatalog/Info.plist;
				IPHONEOS_DEPLOYMENT_TARGET = 8.0;
				LD_RUNPATH_SEARCH_PATHS = "$(inherited) @executable_path/Frameworks";
				PRODUCT_BUNDLE_IDENTIFIER = "-.UICatalog";
				PRODUCT_NAME = "$(TARGET_NAME)";
			};
			name = Release;
		};
		B16BB9BE1D13AA46007BA1CF /* Debug */ = {
			isa = XCBuildConfiguration;
			buildSettings = {
				BUNDLE_LOADER = "$(TEST_HOST)";
				INFOPLIST_FILE = UICatalogTests/Info.plist;
				LD_RUNPATH_SEARCH_PATHS = "$(inherited) @executable_path/Frameworks @loader_path/Frameworks";
				PRODUCT_BUNDLE_IDENTIFIER = "-.UICatalogTests";
				PRODUCT_NAME = "$(TARGET_NAME)";
				TEST_HOST = "$(BUILT_PRODUCTS_DIR)/UICatalog.app/UICatalog";
			};
			name = Debug;
		};
		B16BB9BF1D13AA46007BA1CF /* Release */ = {
			isa = XCBuildConfiguration;
			buildSettings = {
				BUNDLE_LOADER = "$(TEST_HOST)";
				INFOPLIST_FILE = UICatalogTests/Info.plist;
				LD_RUNPATH_SEARCH_PATHS = "$(inherited) @executable_path/Frameworks @loader_path/Frameworks";
				PRODUCT_BUNDLE_IDENTIFIER = "-.UICatalogTests";
				PRODUCT_NAME = "$(TARGET_NAME)";
				TEST_HOST = "$(BUILT_PRODUCTS_DIR)/UICatalog.app/UICatalog";
			};
			name = Release;
		};
		B16BB9C11D13AA46007BA1CF /* Debug */ = {
			isa = XCBuildConfiguration;
			buildSettings = {
				INFOPLIST_FILE = UICatalogUITests/Info.plist;
				LD_RUNPATH_SEARCH_PATHS = "$(inherited) @executable_path/Frameworks @loader_path/Frameworks";
				PRODUCT_BUNDLE_IDENTIFIER = "-.UICatalogUITests";
				PRODUCT_NAME = "$(TARGET_NAME)";
				TEST_TARGET_NAME = UICatalog;
			};
			name = Debug;
		};
		B16BB9C21D13AA46007BA1CF /* Release */ = {
			isa = XCBuildConfiguration;
			buildSettings = {
				INFOPLIST_FILE = UICatalogUITests/Info.plist;
				LD_RUNPATH_SEARCH_PATHS = "$(inherited) @executable_path/Frameworks @loader_path/Frameworks";
				PRODUCT_BUNDLE_IDENTIFIER = "-.UICatalogUITests";
				PRODUCT_NAME = "$(TARGET_NAME)";
				TEST_TARGET_NAME = UICatalog;
			};
			name = Release;
		};
/* End XCBuildConfiguration section */

/* Begin XCConfigurationList section */
		B16BB98D1D13AA46007BA1CF /* Build configuration list for PBXProject "UICatalog" */ = {
			isa = XCConfigurationList;
			buildConfigurations = (
				B16BB9B81D13AA46007BA1CF /* Debug */,
				B16BB9B91D13AA46007BA1CF /* Release */,
			);
			defaultConfigurationIsVisible = 0;
			defaultConfigurationName = Release;
		};
		B16BB9BA1D13AA46007BA1CF /* Build configuration list for PBXNativeTarget "UICatalog" */ = {
			isa = XCConfigurationList;
			buildConfigurations = (
				B16BB9BB1D13AA46007BA1CF /* Debug */,
				B16BB9BC1D13AA46007BA1CF /* Release */,
			);
			defaultConfigurationIsVisible = 0;
			defaultConfigurationName = Release;
		};
		B16BB9BD1D13AA46007BA1CF /* Build configuration list for PBXNativeTarget "UICatalogTests" */ = {
			isa = XCConfigurationList;
			buildConfigurations = (
				B16BB9BE1D13AA46007BA1CF /* Debug */,
				B16BB9BF1D13AA46007BA1CF /* Release */,
			);
			defaultConfigurationIsVisible = 0;
			defaultConfigurationName = Release;
		};
		B16BB9C01D13AA46007BA1CF /* Build configuration list for PBXNativeTarget "UICatalogUITests" */ = {
			isa = XCConfigurationList;
			buildConfigurations = (
				B16BB9C11D13AA46007BA1CF /* Debug */,
				B16BB9C21D13AA46007BA1CF /* Release */,
			);
			defaultConfigurationIsVisible = 0;
			defaultConfigurationName = Release;
		};
/* End XCConfigurationList section */
	};
	rootObject = B16BB98A1D13AA46007BA1CF /* Project object */;
}
