// !$*UTF8*$!
{
	archiveVersion = 1;
	classes = {
	};
	objectVersion = 50;
	objects = {

/* Begin PBXBuildFile section */
		B1541FCE24A0575200B9E4C6 /* AppDelegate.swift in Sources */ = {isa = PBXBuildFile; fileRef = B1541FCD24A0575200B9E4C6 /* AppDelegate.swift */; };
		B1541FD524A0575200B9E4C6 /* Main.storyboard in Resources */ = {isa = PBXBuildFile; fileRef = B1541FD324A0575200B9E4C6 /* Main.storyboard */; };
		B1541FD724A0575500B9E4C6 /* Assets.xcassets in Resources */ = {isa = PBXBuildFile; fileRef = B1541FD624A0575500B9E4C6 /* Assets.xcassets */; };
		B1541FDA24A0575500B9E4C6 /* LaunchScreen.storyboard in Resources */ = {isa = PBXBuildFile; fileRef = B1541FD824A0575500B9E4C6 /* LaunchScreen.storyboard */; };
		B1D93F2524A058E700B9A16B /* SearchViewController.swift in Sources */ = {isa = PBXBuildFile; fileRef = B1D93EC424A058E400B9A16B /* SearchViewController.swift */; };
		B1D93F2624A058E700B9A16B /* SearchViewDataSource.swift in Sources */ = {isa = PBXBuildFile; fileRef = B1D93EC524A058E400B9A16B /* SearchViewDataSource.swift */; };
		B1D93F2724A058E700B9A16B /* Popover.storyboard in Resources */ = {isa = PBXBuildFile; fileRef = B1D93EC724A058E400B9A16B /* Popover.storyboard */; };
		B1D93F2824A058E700B9A16B /* PopoverParentViewController.swift in Sources */ = {isa = PBXBuildFile; fileRef = B1D93EC824A058E400B9A16B /* PopoverParentViewController.swift */; };
		B1D93F2924A058E700B9A16B /* PopoverContentViewController.swift in Sources */ = {isa = PBXBuildFile; fileRef = B1D93EC924A058E400B9A16B /* PopoverContentViewController.swift */; };
		B1D93F2A24A058E700B9A16B /* SwitchChildrenViewController.swift in Sources */ = {isa = PBXBuildFile; fileRef = B1D93ECB24A058E400B9A16B /* SwitchChildrenViewController.swift */; };
		B1D93F2B24A058E700B9A16B /* ScrollPagingViewDataSource.swift in Sources */ = {isa = PBXBuildFile; fileRef = B1D93ECD24A058E400B9A16B /* ScrollPagingViewDataSource.swift */; };
		B1D93F2C24A058E700B9A16B /* PageContentViewController.swift in Sources */ = {isa = PBXBuildFile; fileRef = B1D93ECE24A058E400B9A16B /* PageContentViewController.swift */; };
		B1D93F2D24A058E700B9A16B /* ScrollPagingViewController.swift in Sources */ = {isa = PBXBuildFile; fileRef = B1D93ECF24A058E400B9A16B /* ScrollPagingViewController.swift */; };
		B1D93F2E24A058E700B9A16B /* RoundedRectButton.swift in Sources */ = {isa = PBXBuildFile; fileRef = B1D93ED124A058E400B9A16B /* RoundedRectButton.swift */; };
		B1D93F2F24A058E700B9A16B /* DesignedComponentsViewController.swift in Sources */ = {isa = PBXBuildFile; fileRef = B1D93ED224A058E400B9A16B /* DesignedComponentsViewController.swift */; };
		B1D93F3024A058E700B9A16B /* CustomView.storyboard in Resources */ = {isa = PBXBuildFile; fileRef = B1D93ED324A058E400B9A16B /* CustomView.storyboard */; };
		B1D93F3124A058E700B9A16B /* UIAppearanceViewController.swift in Sources */ = {isa = PBXBuildFile; fileRef = B1D93ED524A058E400B9A16B /* UIAppearanceViewController.swift */; };
		B1D93F3224A058E700B9A16B /* NavigationBarAppearanceViewController.swift in Sources */ = {isa = PBXBuildFile; fileRef = B1D93ED624A058E400B9A16B /* NavigationBarAppearanceViewController.swift */; };
		B1D93F3324A058E700B9A16B /* MapViewController.swift in Sources */ = {isa = PBXBuildFile; fileRef = B1D93ED824A058E400B9A16B /* MapViewController.swift */; };
		B1D93F3424A058E700B9A16B /* MenuViewController.swift in Sources */ = {isa = PBXBuildFile; fileRef = B1D93ED924A058E400B9A16B /* MenuViewController.swift */; };
		B1D93F3524A058E700B9A16B /* RoundedRectLabel.swift in Sources */ = {isa = PBXBuildFile; fileRef = B1D93EDB24A058E500B9A16B /* RoundedRectLabel.swift */; };
		B1D93F3624A058E700B9A16B /* WebView.storyboard in Resources */ = {isa = PBXBuildFile; fileRef = B1D93EDD24A058E500B9A16B /* WebView.storyboard */; };
		B1D93F3724A058E700B9A16B /* UIWebViewController.swift in Sources */ = {isa = PBXBuildFile; fileRef = B1D93EDE24A058E500B9A16B /* UIWebViewController.swift */; };
		B1D93F3824A058E700B9A16B /* Assets.xcassets in Resources */ = {isa = PBXBuildFile; fileRef = B1D93EDF24A058E500B9A16B /* Assets.xcassets */; };
		B1D93F3924A058E700B9A16B /* ImagePickerViewController.swift in Sources */ = {isa = PBXBuildFile; fileRef = B1D93EE124A058E500B9A16B /* ImagePickerViewController.swift */; };
		B1D93F3A24A058E700B9A16B /* IntrinsicCollectionView.swift in Sources */ = {isa = PBXBuildFile; fileRef = B1D93EE324A058E500B9A16B /* IntrinsicCollectionView.swift */; };
		B1D93F3B24A058E700B9A16B /* OuterTableViewCell.xib in Resources */ = {isa = PBXBuildFile; fileRef = B1D93EE424A058E500B9A16B /* OuterTableViewCell.xib */; };
		B1D93F3C24A058E700B9A16B /* SharedTableViewCell.swift in Sources */ = {isa = PBXBuildFile; fileRef = B1D93EE524A058E500B9A16B /* SharedTableViewCell.swift */; };
		B1D93F3D24A058E700B9A16B /* InnerCollectionViewCell.swift in Sources */ = {isa = PBXBuildFile; fileRef = B1D93EE624A058E500B9A16B /* InnerCollectionViewCell.swift */; };
		B1D93F3E24A058E700B9A16B /* SharedCellCollectionViewController.swift in Sources */ = {isa = PBXBuildFile; fileRef = B1D93EE724A058E500B9A16B /* SharedCellCollectionViewController.swift */; };
		B1D93F3F24A058E700B9A16B /* ArticleTableViewCell.swift in Sources */ = {isa = PBXBuildFile; fileRef = B1D93EE824A058E500B9A16B /* ArticleTableViewCell.swift */; };
		B1D93F4024A058E700B9A16B /* SharedCellTableViewController.swift in Sources */ = {isa = PBXBuildFile; fileRef = B1D93EE924A058E500B9A16B /* SharedCellTableViewController.swift */; };
		B1D93F4124A058E700B9A16B /* CollectionInTheCellTableViewController.swift in Sources */ = {isa = PBXBuildFile; fileRef = B1D93EEA24A058E500B9A16B /* CollectionInTheCellTableViewController.swift */; };
		B1D93F4224A058E700B9A16B /* InnerCollectionViewCell.xib in Resources */ = {isa = PBXBuildFile; fileRef = B1D93EEB24A058E500B9A16B /* InnerCollectionViewCell.xib */; };
		B1D93F4324A058E700B9A16B /* SharedCollectionViewCell.swift in Sources */ = {isa = PBXBuildFile; fileRef = B1D93EEC24A058E500B9A16B /* SharedCollectionViewCell.swift */; };
		B1D93F4424A058E700B9A16B /* InnerTableViewCell.xib in Resources */ = {isa = PBXBuildFile; fileRef = B1D93EED24A058E500B9A16B /* InnerTableViewCell.xib */; };
		B1D93F4524A058E700B9A16B /* SharedCell.xib in Resources */ = {isa = PBXBuildFile; fileRef = B1D93EEE24A058E500B9A16B /* SharedCell.xib */; };
		B1D93F4624A058E700B9A16B /* OuterTableViewCell.swift in Sources */ = {isa = PBXBuildFile; fileRef = B1D93EEF24A058E500B9A16B /* OuterTableViewCell.swift */; };
		B1D93F4724A058E700B9A16B /* CustomFlowLayout.swift in Sources */ = {isa = PBXBuildFile; fileRef = B1D93EF024A058E500B9A16B /* CustomFlowLayout.swift */; };
		B1D93F4824A058E700B9A16B /* IntrinsicTableView.swift in Sources */ = {isa = PBXBuildFile; fileRef = B1D93EF124A058E500B9A16B /* IntrinsicTableView.swift */; };
		B1D93F4924A058E700B9A16B /* SelfSizingCellTableViewController.swift in Sources */ = {isa = PBXBuildFile; fileRef = B1D93EF224A058E500B9A16B /* SelfSizingCellTableViewController.swift */; };
		B1D93F4A24A058E700B9A16B /* SharedCell.swift in Sources */ = {isa = PBXBuildFile; fileRef = B1D93EF324A058E500B9A16B /* SharedCell.swift */; };
		B1D93F4B24A058E700B9A16B /* InnerTableViewCell.swift in Sources */ = {isa = PBXBuildFile; fileRef = B1D93EF424A058E500B9A16B /* InnerTableViewCell.swift */; };
		B1D93F4C24A058E700B9A16B /* TextTruncationViewController.swift in Sources */ = {isa = PBXBuildFile; fileRef = B1D93EF624A058E500B9A16B /* TextTruncationViewController.swift */; };
		B1D93F4D24A058E700B9A16B /* TextTruncation.storyboard in Resources */ = {isa = PBXBuildFile; fileRef = B1D93EF724A058E500B9A16B /* TextTruncation.storyboard */; };
		B1D93F4E24A058E700B9A16B /* UIView+Extension.swift in Sources */ = {isa = PBXBuildFile; fileRef = B1D93EF924A058E500B9A16B /* UIView+Extension.swift */; };
		B1D93F4F24A058E700B9A16B /* URLSession+DownloadImage.swift in Sources */ = {isa = PBXBuildFile; fileRef = B1D93EFA24A058E500B9A16B /* URLSession+DownloadImage.swift */; };
		B1D93F5024A058E700B9A16B /* UserDefaultsManager.swift in Sources */ = {isa = PBXBuildFile; fileRef = B1D93EFB24A058E500B9A16B /* UserDefaultsManager.swift */; };
		B1D93F5124A058E700B9A16B /* UIImageView+URL.swift in Sources */ = {isa = PBXBuildFile; fileRef = B1D93EFC24A058E500B9A16B /* UIImageView+URL.swift */; };
		B1D93F5224A058E700B9A16B /* UIViewController+ActionSheetItemPicker.swift in Sources */ = {isa = PBXBuildFile; fileRef = B1D93EFD24A058E500B9A16B /* UIViewController+ActionSheetItemPicker.swift */; };
		B1D93F5324A058E700B9A16B /* HorizontalCollectionViewCell.swift in Sources */ = {isa = PBXBuildFile; fileRef = B1D93EFF24A058E500B9A16B /* HorizontalCollectionViewCell.swift */; };
		B1D93F5424A058E700B9A16B /* SeparatorDecorationView.xib in Resources */ = {isa = PBXBuildFile; fileRef = B1D93F0024A058E500B9A16B /* SeparatorDecorationView.xib */; };
		B1D93F5524A058E700B9A16B /* CollectionViewFlowLayoutWithDecorations.swift in Sources */ = {isa = PBXBuildFile; fileRef = B1D93F0124A058E500B9A16B /* CollectionViewFlowLayoutWithDecorations.swift */; };
		B1D93F5624A058E700B9A16B /* FloatingHeaderFlowLayout.swift in Sources */ = {isa = PBXBuildFile; fileRef = B1D93F0224A058E500B9A16B /* FloatingHeaderFlowLayout.swift */; };
		B1D93F5724A058E700B9A16B /* SectionBackgroundView.xib in Resources */ = {isa = PBXBuildFile; fileRef = B1D93F0324A058E500B9A16B /* SectionBackgroundView.xib */; };
		B1D93F5824A058E700B9A16B /* PrototypeViewSizing.swift in Sources */ = {isa = PBXBuildFile; fileRef = B1D93F0424A058E500B9A16B /* PrototypeViewSizing.swift */; };
		B1D93F5924A058E700B9A16B /* HorizontalCollectionViewController.swift in Sources */ = {isa = PBXBuildFile; fileRef = B1D93F0524A058E500B9A16B /* HorizontalCollectionViewController.swift */; };
		B1D93F5A24A058E700B9A16B /* PropotionalSizingCollectionViewController.swift in Sources */ = {isa = PBXBuildFile; fileRef = B1D93F0624A058E500B9A16B /* PropotionalSizingCollectionViewController.swift */; };
		B1D93F5B24A058E700B9A16B /* PropotionalSizingCell.swift in Sources */ = {isa = PBXBuildFile; fileRef = B1D93F0724A058E500B9A16B /* PropotionalSizingCell.swift */; };
		B1D93F5C24A058E700B9A16B /* PropotionalSizingCell.xib in Resources */ = {isa = PBXBuildFile; fileRef = B1D93F0824A058E500B9A16B /* PropotionalSizingCell.xib */; };
		B1D93F5D24A058E700B9A16B /* GridCollectionViewController.swift in Sources */ = {isa = PBXBuildFile; fileRef = B1D93F0924A058E500B9A16B /* GridCollectionViewController.swift */; };
		B1D93F5E24A058E700B9A16B /* GridCollectionViewCell.swift in Sources */ = {isa = PBXBuildFile; fileRef = B1D93F0A24A058E500B9A16B /* GridCollectionViewCell.swift */; };
		B1D93F5F24A058E700B9A16B /* VisualEffectOverlayViewController.swift in Sources */ = {isa = PBXBuildFile; fileRef = B1D93F0C24A058E600B9A16B /* VisualEffectOverlayViewController.swift */; };
		B1D93F6024A058E700B9A16B /* VideoCaptureViewController.swift in Sources */ = {isa = PBXBuildFile; fileRef = B1D93F0E24A058E600B9A16B /* VideoCaptureViewController.swift */; };
		B1D93F6124A058E700B9A16B /* CodeReaderViewController.swift in Sources */ = {isa = PBXBuildFile; fileRef = B1D93F0F24A058E600B9A16B /* CodeReaderViewController.swift */; };
		B1D93F6224A058E700B9A16B /* AppleProduct.swift in Sources */ = {isa = PBXBuildFile; fileRef = B1D93F1124A058E600B9A16B /* AppleProduct.swift */; };
		B1D93F6324A058E700B9A16B /* AppleProductProvider.swift in Sources */ = {isa = PBXBuildFile; fileRef = B1D93F1224A058E600B9A16B /* AppleProductProvider.swift */; };
		B1D93F6424A058E700B9A16B /* products.json in Resources */ = {isa = PBXBuildFile; fileRef = B1D93F1324A058E600B9A16B /* products.json */; };
		B1D93F6524A058E700B9A16B /* TextViewScrollOrNotViewController.swift in Sources */ = {isa = PBXBuildFile; fileRef = B1D93F1524A058E600B9A16B /* TextViewScrollOrNotViewController.swift */; };
		B1D93F6624A058E700B9A16B /* ReadMoreTextViewController.swift in Sources */ = {isa = PBXBuildFile; fileRef = B1D93F1624A058E600B9A16B /* ReadMoreTextViewController.swift */; };
		B1D93F6724A058E700B9A16B /* MainViewController.swift in Sources */ = {isa = PBXBuildFile; fileRef = B1D93F1724A058E600B9A16B /* MainViewController.swift */; };
		B1D93F6824A058E700B9A16B /* AlertAndActionSheetViewController.swift in Sources */ = {isa = PBXBuildFile; fileRef = B1D93F1924A058E600B9A16B /* AlertAndActionSheetViewController.swift */; };
		B1D93F6924A058E700B9A16B /* articles.json in Resources */ = {isa = PBXBuildFile; fileRef = B1D93F1B24A058E600B9A16B /* articles.json */; };
		B1D93F6A24A058E700B9A16B /* Article.swift in Sources */ = {isa = PBXBuildFile; fileRef = B1D93F1C24A058E600B9A16B /* Article.swift */; };
		B1D93F6B24A058E700B9A16B /* ArticleProvider.swift in Sources */ = {isa = PBXBuildFile; fileRef = B1D93F1D24A058E600B9A16B /* ArticleProvider.swift */; };
		B1D93F6C24A058E700B9A16B /* SemiCoveredPresentationTransition.swift in Sources */ = {isa = PBXBuildFile; fileRef = B1D93F1F24A058E600B9A16B /* SemiCoveredPresentationTransition.swift */; };
		B1D93F6D24A058E700B9A16B /* Transition.storyboard in Resources */ = {isa = PBXBuildFile; fileRef = B1D93F2024A058E600B9A16B /* Transition.storyboard */; };
		B1D93F6E24A058E700B9A16B /* TransitionCoverViewController.swift in Sources */ = {isa = PBXBuildFile; fileRef = B1D93F2124A058E600B9A16B /* TransitionCoverViewController.swift */; };
		B1D93F6F24A058E700B9A16B /* SemiCoveredTransitionViewController.swift in Sources */ = {isa = PBXBuildFile; fileRef = B1D93F2224A058E600B9A16B /* SemiCoveredTransitionViewController.swift */; };
		B1D93F7024A058E700B9A16B /* BasicScrollViewController.swift in Sources */ = {isa = PBXBuildFile; fileRef = B1D93F2424A058E700B9A16B /* BasicScrollViewController.swift */; };
		B1D93F8B24A0594E00B9A16B /* PageView.storyboard in Resources */ = {isa = PBXBuildFile; fileRef = B1D93F7124A0594B00B9A16B /* PageView.storyboard */; };
		B1D93F8C24A0594E00B9A16B /* MapView.storyboard in Resources */ = {isa = PBXBuildFile; fileRef = B1D93F7324A0594C00B9A16B /* MapView.storyboard */; };
		B1D93F8D24A0594E00B9A16B /* TextView.storyboard in Resources */ = {isa = PBXBuildFile; fileRef = B1D93F7524A0594C00B9A16B /* TextView.storyboard */; };
		B1D93F8E24A0594E00B9A16B /* VisualEffectView.storyboard in Resources */ = {isa = PBXBuildFile; fileRef = B1D93F7724A0594C00B9A16B /* VisualEffectView.storyboard */; };
		B1D93F8F24A0594E00B9A16B /* Alert.storyboard in Resources */ = {isa = PBXBuildFile; fileRef = B1D93F7924A0594C00B9A16B /* Alert.storyboard */; };
		B1D93F9024A0594E00B9A16B /* CollectionView.storyboard in Resources */ = {isa = PBXBuildFile; fileRef = B1D93F7B24A0594C00B9A16B /* CollectionView.storyboard */; };
		B1D93F9124A0594E00B9A16B /* ChildView.storyboard in Resources */ = {isa = PBXBuildFile; fileRef = B1D93F7D24A0594C00B9A16B /* ChildView.storyboard */; };
		B1D93F9224A0594E00B9A16B /* AVCapture.storyboard in Resources */ = {isa = PBXBuildFile; fileRef = B1D93F7F24A0594D00B9A16B /* AVCapture.storyboard */; };
		B1D93F9324A0594E00B9A16B /* ScrollView.storyboard in Resources */ = {isa = PBXBuildFile; fileRef = B1D93F8124A0594D00B9A16B /* ScrollView.storyboard */; };
		B1D93F9424A0594E00B9A16B /* TableView.storyboard in Resources */ = {isa = PBXBuildFile; fileRef = B1D93F8324A0594D00B9A16B /* TableView.storyboard */; };
		B1D93F9524A0594E00B9A16B /* Search.storyboard in Resources */ = {isa = PBXBuildFile; fileRef = B1D93F8524A0594D00B9A16B /* Search.storyboard */; };
		B1D93F9624A0594E00B9A16B /* ImagePicker.storyboard in Resources */ = {isa = PBXBuildFile; fileRef = B1D93F8724A0594D00B9A16B /* ImagePicker.storyboard */; };
		B1D93F9724A0594E00B9A16B /* Appearance.storyboard in Resources */ = {isa = PBXBuildFile; fileRef = B1D93F8924A0594D00B9A16B /* Appearance.storyboard */; };
/* End PBXBuildFile section */

/* Begin PBXFileReference section */
		B1541FCA24A0575200B9E4C6 /* UICatalog.app */ = {isa = PBXFileReference; explicitFileType = wrapper.application; includeInIndex = 0; path = UICatalog.app; sourceTree = BUILT_PRODUCTS_DIR; };
		B1541FCD24A0575200B9E4C6 /* AppDelegate.swift */ = {isa = PBXFileReference; lastKnownFileType = sourcecode.swift; path = AppDelegate.swift; sourceTree = "<group>"; };
		B1541FD424A0575200B9E4C6 /* Base */ = {isa = PBXFileReference; lastKnownFileType = file.storyboard; name = Base; path = Base.lproj/Main.storyboard; sourceTree = "<group>"; };
		B1541FD624A0575500B9E4C6 /* Assets.xcassets */ = {isa = PBXFileReference; lastKnownFileType = folder.assetcatalog; path = Assets.xcassets; sourceTree = "<group>"; };
		B1541FD924A0575500B9E4C6 /* Base */ = {isa = PBXFileReference; lastKnownFileType = file.storyboard; name = Base; path = Base.lproj/LaunchScreen.storyboard; sourceTree = "<group>"; };
		B1541FDB24A0575500B9E4C6 /* Info.plist */ = {isa = PBXFileReference; lastKnownFileType = text.plist.xml; path = Info.plist; sourceTree = "<group>"; };
		B1D93EC424A058E400B9A16B /* SearchViewController.swift */ = {isa = PBXFileReference; fileEncoding = 4; lastKnownFileType = sourcecode.swift; path = SearchViewController.swift; sourceTree = "<group>"; };
		B1D93EC524A058E400B9A16B /* SearchViewDataSource.swift */ = {isa = PBXFileReference; fileEncoding = 4; lastKnownFileType = sourcecode.swift; path = SearchViewDataSource.swift; sourceTree = "<group>"; };
		B1D93EC724A058E400B9A16B /* Popover.storyboard */ = {isa = PBXFileReference; fileEncoding = 4; lastKnownFileType = file.storyboard; path = Popover.storyboard; sourceTree = "<group>"; };
		B1D93EC824A058E400B9A16B /* PopoverParentViewController.swift */ = {isa = PBXFileReference; fileEncoding = 4; lastKnownFileType = sourcecode.swift; path = PopoverParentViewController.swift; sourceTree = "<group>"; };
		B1D93EC924A058E400B9A16B /* PopoverContentViewController.swift */ = {isa = PBXFileReference; fileEncoding = 4; lastKnownFileType = sourcecode.swift; path = PopoverContentViewController.swift; sourceTree = "<group>"; };
		B1D93ECB24A058E400B9A16B /* SwitchChildrenViewController.swift */ = {isa = PBXFileReference; fileEncoding = 4; lastKnownFileType = sourcecode.swift; path = SwitchChildrenViewController.swift; sourceTree = "<group>"; };
		B1D93ECD24A058E400B9A16B /* ScrollPagingViewDataSource.swift */ = {isa = PBXFileReference; fileEncoding = 4; lastKnownFileType = sourcecode.swift; path = ScrollPagingViewDataSource.swift; sourceTree = "<group>"; };
		B1D93ECE24A058E400B9A16B /* PageContentViewController.swift */ = {isa = PBXFileReference; fileEncoding = 4; lastKnownFileType = sourcecode.swift; path = PageContentViewController.swift; sourceTree = "<group>"; };
		B1D93ECF24A058E400B9A16B /* ScrollPagingViewController.swift */ = {isa = PBXFileReference; fileEncoding = 4; lastKnownFileType = sourcecode.swift; path = ScrollPagingViewController.swift; sourceTree = "<group>"; };
		B1D93ED124A058E400B9A16B /* RoundedRectButton.swift */ = {isa = PBXFileReference; fileEncoding = 4; lastKnownFileType = sourcecode.swift; path = RoundedRectButton.swift; sourceTree = "<group>"; };
		B1D93ED224A058E400B9A16B /* DesignedComponentsViewController.swift */ = {isa = PBXFileReference; fileEncoding = 4; lastKnownFileType = sourcecode.swift; path = DesignedComponentsViewController.swift; sourceTree = "<group>"; };
		B1D93ED324A058E400B9A16B /* CustomView.storyboard */ = {isa = PBXFileReference; fileEncoding = 4; lastKnownFileType = file.storyboard; path = CustomView.storyboard; sourceTree = "<group>"; };
		B1D93ED524A058E400B9A16B /* UIAppearanceViewController.swift */ = {isa = PBXFileReference; fileEncoding = 4; lastKnownFileType = sourcecode.swift; path = UIAppearanceViewController.swift; sourceTree = "<group>"; };
		B1D93ED624A058E400B9A16B /* NavigationBarAppearanceViewController.swift */ = {isa = PBXFileReference; fileEncoding = 4; lastKnownFileType = sourcecode.swift; path = NavigationBarAppearanceViewController.swift; sourceTree = "<group>"; };
		B1D93ED824A058E400B9A16B /* MapViewController.swift */ = {isa = PBXFileReference; fileEncoding = 4; lastKnownFileType = sourcecode.swift; path = MapViewController.swift; sourceTree = "<group>"; };
		B1D93ED924A058E400B9A16B /* MenuViewController.swift */ = {isa = PBXFileReference; fileEncoding = 4; lastKnownFileType = sourcecode.swift; path = MenuViewController.swift; sourceTree = "<group>"; };
		B1D93EDB24A058E500B9A16B /* RoundedRectLabel.swift */ = {isa = PBXFileReference; fileEncoding = 4; lastKnownFileType = sourcecode.swift; path = RoundedRectLabel.swift; sourceTree = "<group>"; };
		B1D93EDD24A058E500B9A16B /* WebView.storyboard */ = {isa = PBXFileReference; fileEncoding = 4; lastKnownFileType = file.storyboard; path = WebView.storyboard; sourceTree = "<group>"; };
		B1D93EDE24A058E500B9A16B /* UIWebViewController.swift */ = {isa = PBXFileReference; fileEncoding = 4; lastKnownFileType = sourcecode.swift; path = UIWebViewController.swift; sourceTree = "<group>"; };
		B1D93EDF24A058E500B9A16B /* Assets.xcassets */ = {isa = PBXFileReference; lastKnownFileType = folder.assetcatalog; path = Assets.xcassets; sourceTree = "<group>"; };
		B1D93EE124A058E500B9A16B /* ImagePickerViewController.swift */ = {isa = PBXFileReference; fileEncoding = 4; lastKnownFileType = sourcecode.swift; path = ImagePickerViewController.swift; sourceTree = "<group>"; };
		B1D93EE324A058E500B9A16B /* IntrinsicCollectionView.swift */ = {isa = PBXFileReference; fileEncoding = 4; lastKnownFileType = sourcecode.swift; path = IntrinsicCollectionView.swift; sourceTree = "<group>"; };
		B1D93EE424A058E500B9A16B /* OuterTableViewCell.xib */ = {isa = PBXFileReference; fileEncoding = 4; lastKnownFileType = file.xib; path = OuterTableViewCell.xib; sourceTree = "<group>"; };
		B1D93EE524A058E500B9A16B /* SharedTableViewCell.swift */ = {isa = PBXFileReference; fileEncoding = 4; lastKnownFileType = sourcecode.swift; path = SharedTableViewCell.swift; sourceTree = "<group>"; };
		B1D93EE624A058E500B9A16B /* InnerCollectionViewCell.swift */ = {isa = PBXFileReference; fileEncoding = 4; lastKnownFileType = sourcecode.swift; path = InnerCollectionViewCell.swift; sourceTree = "<group>"; };
		B1D93EE724A058E500B9A16B /* SharedCellCollectionViewController.swift */ = {isa = PBXFileReference; fileEncoding = 4; lastKnownFileType = sourcecode.swift; path = SharedCellCollectionViewController.swift; sourceTree = "<group>"; };
		B1D93EE824A058E500B9A16B /* ArticleTableViewCell.swift */ = {isa = PBXFileReference; fileEncoding = 4; lastKnownFileType = sourcecode.swift; path = ArticleTableViewCell.swift; sourceTree = "<group>"; };
		B1D93EE924A058E500B9A16B /* SharedCellTableViewController.swift */ = {isa = PBXFileReference; fileEncoding = 4; lastKnownFileType = sourcecode.swift; path = SharedCellTableViewController.swift; sourceTree = "<group>"; };
		B1D93EEA24A058E500B9A16B /* CollectionInTheCellTableViewController.swift */ = {isa = PBXFileReference; fileEncoding = 4; lastKnownFileType = sourcecode.swift; path = CollectionInTheCellTableViewController.swift; sourceTree = "<group>"; };
		B1D93EEB24A058E500B9A16B /* InnerCollectionViewCell.xib */ = {isa = PBXFileReference; fileEncoding = 4; lastKnownFileType = file.xib; path = InnerCollectionViewCell.xib; sourceTree = "<group>"; };
		B1D93EEC24A058E500B9A16B /* SharedCollectionViewCell.swift */ = {isa = PBXFileReference; fileEncoding = 4; lastKnownFileType = sourcecode.swift; path = SharedCollectionViewCell.swift; sourceTree = "<group>"; };
		B1D93EED24A058E500B9A16B /* InnerTableViewCell.xib */ = {isa = PBXFileReference; fileEncoding = 4; lastKnownFileType = file.xib; path = InnerTableViewCell.xib; sourceTree = "<group>"; };
		B1D93EEE24A058E500B9A16B /* SharedCell.xib */ = {isa = PBXFileReference; fileEncoding = 4; lastKnownFileType = file.xib; path = SharedCell.xib; sourceTree = "<group>"; };
		B1D93EEF24A058E500B9A16B /* OuterTableViewCell.swift */ = {isa = PBXFileReference; fileEncoding = 4; lastKnownFileType = sourcecode.swift; path = OuterTableViewCell.swift; sourceTree = "<group>"; };
		B1D93EF024A058E500B9A16B /* CustomFlowLayout.swift */ = {isa = PBXFileReference; fileEncoding = 4; lastKnownFileType = sourcecode.swift; path = CustomFlowLayout.swift; sourceTree = "<group>"; };
		B1D93EF124A058E500B9A16B /* IntrinsicTableView.swift */ = {isa = PBXFileReference; fileEncoding = 4; lastKnownFileType = sourcecode.swift; path = IntrinsicTableView.swift; sourceTree = "<group>"; };
		B1D93EF224A058E500B9A16B /* SelfSizingCellTableViewController.swift */ = {isa = PBXFileReference; fileEncoding = 4; lastKnownFileType = sourcecode.swift; path = SelfSizingCellTableViewController.swift; sourceTree = "<group>"; };
		B1D93EF324A058E500B9A16B /* SharedCell.swift */ = {isa = PBXFileReference; fileEncoding = 4; lastKnownFileType = sourcecode.swift; path = SharedCell.swift; sourceTree = "<group>"; };
		B1D93EF424A058E500B9A16B /* InnerTableViewCell.swift */ = {isa = PBXFileReference; fileEncoding = 4; lastKnownFileType = sourcecode.swift; path = InnerTableViewCell.swift; sourceTree = "<group>"; };
		B1D93EF624A058E500B9A16B /* TextTruncationViewController.swift */ = {isa = PBXFileReference; fileEncoding = 4; lastKnownFileType = sourcecode.swift; path = TextTruncationViewController.swift; sourceTree = "<group>"; };
		B1D93EF724A058E500B9A16B /* TextTruncation.storyboard */ = {isa = PBXFileReference; fileEncoding = 4; lastKnownFileType = file.storyboard; path = TextTruncation.storyboard; sourceTree = "<group>"; };
		B1D93EF924A058E500B9A16B /* UIView+Extension.swift */ = {isa = PBXFileReference; fileEncoding = 4; lastKnownFileType = sourcecode.swift; path = "UIView+Extension.swift"; sourceTree = "<group>"; };
		B1D93EFA24A058E500B9A16B /* URLSession+DownloadImage.swift */ = {isa = PBXFileReference; fileEncoding = 4; lastKnownFileType = sourcecode.swift; path = "URLSession+DownloadImage.swift"; sourceTree = "<group>"; };
		B1D93EFB24A058E500B9A16B /* UserDefaultsManager.swift */ = {isa = PBXFileReference; fileEncoding = 4; lastKnownFileType = sourcecode.swift; path = UserDefaultsManager.swift; sourceTree = "<group>"; };
		B1D93EFC24A058E500B9A16B /* UIImageView+URL.swift */ = {isa = PBXFileReference; fileEncoding = 4; lastKnownFileType = sourcecode.swift; path = "UIImageView+URL.swift"; sourceTree = "<group>"; };
		B1D93EFD24A058E500B9A16B /* UIViewController+ActionSheetItemPicker.swift */ = {isa = PBXFileReference; fileEncoding = 4; lastKnownFileType = sourcecode.swift; path = "UIViewController+ActionSheetItemPicker.swift"; sourceTree = "<group>"; };
		B1D93EFF24A058E500B9A16B /* HorizontalCollectionViewCell.swift */ = {isa = PBXFileReference; fileEncoding = 4; lastKnownFileType = sourcecode.swift; path = HorizontalCollectionViewCell.swift; sourceTree = "<group>"; };
		B1D93F0024A058E500B9A16B /* SeparatorDecorationView.xib */ = {isa = PBXFileReference; fileEncoding = 4; lastKnownFileType = file.xib; path = SeparatorDecorationView.xib; sourceTree = "<group>"; };
		B1D93F0124A058E500B9A16B /* CollectionViewFlowLayoutWithDecorations.swift */ = {isa = PBXFileReference; fileEncoding = 4; lastKnownFileType = sourcecode.swift; path = CollectionViewFlowLayoutWithDecorations.swift; sourceTree = "<group>"; };
		B1D93F0224A058E500B9A16B /* FloatingHeaderFlowLayout.swift */ = {isa = PBXFileReference; fileEncoding = 4; lastKnownFileType = sourcecode.swift; path = FloatingHeaderFlowLayout.swift; sourceTree = "<group>"; };
		B1D93F0324A058E500B9A16B /* SectionBackgroundView.xib */ = {isa = PBXFileReference; fileEncoding = 4; lastKnownFileType = file.xib; path = SectionBackgroundView.xib; sourceTree = "<group>"; };
		B1D93F0424A058E500B9A16B /* PrototypeViewSizing.swift */ = {isa = PBXFileReference; fileEncoding = 4; lastKnownFileType = sourcecode.swift; path = PrototypeViewSizing.swift; sourceTree = "<group>"; };
		B1D93F0524A058E500B9A16B /* HorizontalCollectionViewController.swift */ = {isa = PBXFileReference; fileEncoding = 4; lastKnownFileType = sourcecode.swift; path = HorizontalCollectionViewController.swift; sourceTree = "<group>"; };
		B1D93F0624A058E500B9A16B /* PropotionalSizingCollectionViewController.swift */ = {isa = PBXFileReference; fileEncoding = 4; lastKnownFileType = sourcecode.swift; path = PropotionalSizingCollectionViewController.swift; sourceTree = "<group>"; };
		B1D93F0724A058E500B9A16B /* PropotionalSizingCell.swift */ = {isa = PBXFileReference; fileEncoding = 4; lastKnownFileType = sourcecode.swift; path = PropotionalSizingCell.swift; sourceTree = "<group>"; };
		B1D93F0824A058E500B9A16B /* PropotionalSizingCell.xib */ = {isa = PBXFileReference; fileEncoding = 4; lastKnownFileType = file.xib; path = PropotionalSizingCell.xib; sourceTree = "<group>"; };
		B1D93F0924A058E500B9A16B /* GridCollectionViewController.swift */ = {isa = PBXFileReference; fileEncoding = 4; lastKnownFileType = sourcecode.swift; path = GridCollectionViewController.swift; sourceTree = "<group>"; };
		B1D93F0A24A058E500B9A16B /* GridCollectionViewCell.swift */ = {isa = PBXFileReference; fileEncoding = 4; lastKnownFileType = sourcecode.swift; path = GridCollectionViewCell.swift; sourceTree = "<group>"; };
		B1D93F0C24A058E600B9A16B /* VisualEffectOverlayViewController.swift */ = {isa = PBXFileReference; fileEncoding = 4; lastKnownFileType = sourcecode.swift; path = VisualEffectOverlayViewController.swift; sourceTree = "<group>"; };
		B1D93F0E24A058E600B9A16B /* VideoCaptureViewController.swift */ = {isa = PBXFileReference; fileEncoding = 4; lastKnownFileType = sourcecode.swift; path = VideoCaptureViewController.swift; sourceTree = "<group>"; };
		B1D93F0F24A058E600B9A16B /* CodeReaderViewController.swift */ = {isa = PBXFileReference; fileEncoding = 4; lastKnownFileType = sourcecode.swift; path = CodeReaderViewController.swift; sourceTree = "<group>"; };
		B1D93F1124A058E600B9A16B /* AppleProduct.swift */ = {isa = PBXFileReference; fileEncoding = 4; lastKnownFileType = sourcecode.swift; path = AppleProduct.swift; sourceTree = "<group>"; };
		B1D93F1224A058E600B9A16B /* AppleProductProvider.swift */ = {isa = PBXFileReference; fileEncoding = 4; lastKnownFileType = sourcecode.swift; path = AppleProductProvider.swift; sourceTree = "<group>"; };
		B1D93F1324A058E600B9A16B /* products.json */ = {isa = PBXFileReference; fileEncoding = 4; lastKnownFileType = text.json; path = products.json; sourceTree = "<group>"; };
		B1D93F1524A058E600B9A16B /* TextViewScrollOrNotViewController.swift */ = {isa = PBXFileReference; fileEncoding = 4; lastKnownFileType = sourcecode.swift; path = TextViewScrollOrNotViewController.swift; sourceTree = "<group>"; };
		B1D93F1624A058E600B9A16B /* ReadMoreTextViewController.swift */ = {isa = PBXFileReference; fileEncoding = 4; lastKnownFileType = sourcecode.swift; path = ReadMoreTextViewController.swift; sourceTree = "<group>"; };
		B1D93F1724A058E600B9A16B /* MainViewController.swift */ = {isa = PBXFileReference; fileEncoding = 4; lastKnownFileType = sourcecode.swift; path = MainViewController.swift; sourceTree = "<group>"; };
		B1D93F1924A058E600B9A16B /* AlertAndActionSheetViewController.swift */ = {isa = PBXFileReference; fileEncoding = 4; lastKnownFileType = sourcecode.swift; path = AlertAndActionSheetViewController.swift; sourceTree = "<group>"; };
		B1D93F1B24A058E600B9A16B /* articles.json */ = {isa = PBXFileReference; fileEncoding = 4; lastKnownFileType = text.json; path = articles.json; sourceTree = "<group>"; };
		B1D93F1C24A058E600B9A16B /* Article.swift */ = {isa = PBXFileReference; fileEncoding = 4; lastKnownFileType = sourcecode.swift; path = Article.swift; sourceTree = "<group>"; };
		B1D93F1D24A058E600B9A16B /* ArticleProvider.swift */ = {isa = PBXFileReference; fileEncoding = 4; lastKnownFileType = sourcecode.swift; path = ArticleProvider.swift; sourceTree = "<group>"; };
		B1D93F1F24A058E600B9A16B /* SemiCoveredPresentationTransition.swift */ = {isa = PBXFileReference; fileEncoding = 4; lastKnownFileType = sourcecode.swift; path = SemiCoveredPresentationTransition.swift; sourceTree = "<group>"; };
		B1D93F2024A058E600B9A16B /* Transition.storyboard */ = {isa = PBXFileReference; fileEncoding = 4; lastKnownFileType = file.storyboard; path = Transition.storyboard; sourceTree = "<group>"; };
		B1D93F2124A058E600B9A16B /* TransitionCoverViewController.swift */ = {isa = PBXFileReference; fileEncoding = 4; lastKnownFileType = sourcecode.swift; path = TransitionCoverViewController.swift; sourceTree = "<group>"; };
		B1D93F2224A058E600B9A16B /* SemiCoveredTransitionViewController.swift */ = {isa = PBXFileReference; fileEncoding = 4; lastKnownFileType = sourcecode.swift; path = SemiCoveredTransitionViewController.swift; sourceTree = "<group>"; };
		B1D93F2424A058E700B9A16B /* BasicScrollViewController.swift */ = {isa = PBXFileReference; fileEncoding = 4; lastKnownFileType = sourcecode.swift; path = BasicScrollViewController.swift; sourceTree = "<group>"; };
		B1D93F7224A0594B00B9A16B /* Base */ = {isa = PBXFileReference; lastKnownFileType = file.storyboard; name = Base; path = Base.lproj/PageView.storyboard; sourceTree = "<group>"; };
		B1D93F7424A0594C00B9A16B /* Base */ = {isa = PBXFileReference; lastKnownFileType = file.storyboard; name = Base; path = Base.lproj/MapView.storyboard; sourceTree = "<group>"; };
		B1D93F7624A0594C00B9A16B /* Base */ = {isa = PBXFileReference; lastKnownFileType = file.storyboard; name = Base; path = Base.lproj/TextView.storyboard; sourceTree = "<group>"; };
		B1D93F7824A0594C00B9A16B /* Base */ = {isa = PBXFileReference; lastKnownFileType = file.storyboard; name = Base; path = Base.lproj/VisualEffectView.storyboard; sourceTree = "<group>"; };
		B1D93F7A24A0594C00B9A16B /* Base */ = {isa = PBXFileReference; lastKnownFileType = file.storyboard; name = Base; path = Base.lproj/Alert.storyboard; sourceTree = "<group>"; };
		B1D93F7C24A0594C00B9A16B /* Base */ = {isa = PBXFileReference; lastKnownFileType = file.storyboard; name = Base; path = Base.lproj/CollectionView.storyboard; sourceTree = "<group>"; };
		B1D93F7E24A0594C00B9A16B /* Base */ = {isa = PBXFileReference; lastKnownFileType = file.storyboard; name = Base; path = Base.lproj/ChildView.storyboard; sourceTree = "<group>"; };
		B1D93F8024A0594D00B9A16B /* Base */ = {isa = PBXFileReference; lastKnownFileType = file.storyboard; name = Base; path = Base.lproj/AVCapture.storyboard; sourceTree = "<group>"; };
		B1D93F8224A0594D00B9A16B /* Base */ = {isa = PBXFileReference; lastKnownFileType = file.storyboard; name = Base; path = Base.lproj/ScrollView.storyboard; sourceTree = "<group>"; };
		B1D93F8424A0594D00B9A16B /* Base */ = {isa = PBXFileReference; lastKnownFileType = file.storyboard; name = Base; path = Base.lproj/TableView.storyboard; sourceTree = "<group>"; };
		B1D93F8624A0594D00B9A16B /* Base */ = {isa = PBXFileReference; lastKnownFileType = file.storyboard; name = Base; path = Base.lproj/Search.storyboard; sourceTree = "<group>"; };
		B1D93F8824A0594D00B9A16B /* Base */ = {isa = PBXFileReference; lastKnownFileType = file.storyboard; name = Base; path = Base.lproj/ImagePicker.storyboard; sourceTree = "<group>"; };
		B1D93F8A24A0594D00B9A16B /* Base */ = {isa = PBXFileReference; lastKnownFileType = file.storyboard; name = Base; path = Base.lproj/Appearance.storyboard; sourceTree = "<group>"; };
/* End PBXFileReference section */

/* Begin PBXFrameworksBuildPhase section */
		B1541FC724A0575200B9E4C6 /* Frameworks */ = {
			isa = PBXFrameworksBuildPhase;
			buildActionMask = 2147483647;
			files = (
			);
			runOnlyForDeploymentPostprocessing = 0;
		};
/* End PBXFrameworksBuildPhase section */

/* Begin PBXGroup section */
		B1541FC124A0575200B9E4C6 = {
			isa = PBXGroup;
			children = (
				B1541FCC24A0575200B9E4C6 /* UICatalog */,
				B1541FCB24A0575200B9E4C6 /* Products */,
			);
			sourceTree = "<group>";
		};
		B1541FCB24A0575200B9E4C6 /* Products */ = {
			isa = PBXGroup;
			children = (
				B1541FCA24A0575200B9E4C6 /* UICatalog.app */,
			);
			name = Products;
			sourceTree = "<group>";
		};
		B1541FCC24A0575200B9E4C6 /* UICatalog */ = {
			isa = PBXGroup;
			children = (
				B1D93F1824A058E600B9A16B /* Alert */,
				B1D93ED424A058E400B9A16B /* Appearance */,
				B1D93F1024A058E600B9A16B /* AppleProduct */,
				B1D93F1A24A058E600B9A16B /* Article */,
				B1D93EDF24A058E500B9A16B /* Assets.xcassets */,
				B1D93F0D24A058E600B9A16B /* AVCapture */,
				B1D93ECA24A058E400B9A16B /* ChildView */,
				B1D93EFE24A058E500B9A16B /* CollectionView */,
				B1D93EDA24A058E500B9A16B /* CustomView */,
				B1D93ED024A058E400B9A16B /* DesignedComponents */,
				B1D93EE024A058E500B9A16B /* ImagePicker */,
				B1D93F1724A058E600B9A16B /* MainViewController.swift */,
				B1D93ED724A058E400B9A16B /* MapView */,
				B1D93ED924A058E400B9A16B /* MenuViewController.swift */,
				B1D93EF824A058E500B9A16B /* Misc */,
				B1D93ECC24A058E400B9A16B /* PageView */,
				B1D93EC624A058E400B9A16B /* Popover */,
				B1D93F2324A058E700B9A16B /* ScrollView */,
				B1D93EC324A058E400B9A16B /* Search */,
				B1D93EE224A058E500B9A16B /* TableView */,
				B1D93EF524A058E500B9A16B /* TextTruncation */,
				B1D93F1424A058E600B9A16B /* TextView */,
				B1D93F1E24A058E600B9A16B /* Transition */,
				B1D93F0B24A058E600B9A16B /* VisualEffectView */,
				B1D93EDC24A058E500B9A16B /* WebView */,
				B1541FCD24A0575200B9E4C6 /* AppDelegate.swift */,
				B1541FD324A0575200B9E4C6 /* Main.storyboard */,
				B1541FD624A0575500B9E4C6 /* Assets.xcassets */,
				B1541FD824A0575500B9E4C6 /* LaunchScreen.storyboard */,
				B1541FDB24A0575500B9E4C6 /* Info.plist */,
			);
			path = UICatalog;
			sourceTree = "<group>";
		};
		B1D93EC324A058E400B9A16B /* Search */ = {
			isa = PBXGroup;
			children = (
				B1D93EC424A058E400B9A16B /* SearchViewController.swift */,
				B1D93EC524A058E400B9A16B /* SearchViewDataSource.swift */,
				B1D93F8524A0594D00B9A16B /* Search.storyboard */,
			);
			path = Search;
			sourceTree = "<group>";
		};
		B1D93EC624A058E400B9A16B /* Popover */ = {
			isa = PBXGroup;
			children = (
				B1D93EC724A058E400B9A16B /* Popover.storyboard */,
				B1D93EC824A058E400B9A16B /* PopoverParentViewController.swift */,
				B1D93EC924A058E400B9A16B /* PopoverContentViewController.swift */,
			);
			path = Popover;
			sourceTree = "<group>";
		};
		B1D93ECA24A058E400B9A16B /* ChildView */ = {
			isa = PBXGroup;
			children = (
				B1D93ECB24A058E400B9A16B /* SwitchChildrenViewController.swift */,
				B1D93F7D24A0594C00B9A16B /* ChildView.storyboard */,
			);
			path = ChildView;
			sourceTree = "<group>";
		};
		B1D93ECC24A058E400B9A16B /* PageView */ = {
			isa = PBXGroup;
			children = (
				B1D93ECD24A058E400B9A16B /* ScrollPagingViewDataSource.swift */,
				B1D93ECE24A058E400B9A16B /* PageContentViewController.swift */,
				B1D93ECF24A058E400B9A16B /* ScrollPagingViewController.swift */,
				B1D93F7124A0594B00B9A16B /* PageView.storyboard */,
			);
			path = PageView;
			sourceTree = "<group>";
		};
		B1D93ED024A058E400B9A16B /* DesignedComponents */ = {
			isa = PBXGroup;
			children = (
				B1D93ED124A058E400B9A16B /* RoundedRectButton.swift */,
				B1D93ED224A058E400B9A16B /* DesignedComponentsViewController.swift */,
				B1D93ED324A058E400B9A16B /* CustomView.storyboard */,
			);
			path = DesignedComponents;
			sourceTree = "<group>";
		};
		B1D93ED424A058E400B9A16B /* Appearance */ = {
			isa = PBXGroup;
			children = (
				B1D93ED524A058E400B9A16B /* UIAppearanceViewController.swift */,
				B1D93ED624A058E400B9A16B /* NavigationBarAppearanceViewController.swift */,
				B1D93F8924A0594D00B9A16B /* Appearance.storyboard */,
			);
			path = Appearance;
			sourceTree = "<group>";
		};
		B1D93ED724A058E400B9A16B /* MapView */ = {
			isa = PBXGroup;
			children = (
				B1D93ED824A058E400B9A16B /* MapViewController.swift */,
				B1D93F7324A0594C00B9A16B /* MapView.storyboard */,
			);
			path = MapView;
			sourceTree = "<group>";
		};
		B1D93EDA24A058E500B9A16B /* CustomView */ = {
			isa = PBXGroup;
			children = (
				B1D93EDB24A058E500B9A16B /* RoundedRectLabel.swift */,
			);
			path = CustomView;
			sourceTree = "<group>";
		};
		B1D93EDC24A058E500B9A16B /* WebView */ = {
			isa = PBXGroup;
			children = (
				B1D93EDD24A058E500B9A16B /* WebView.storyboard */,
				B1D93EDE24A058E500B9A16B /* UIWebViewController.swift */,
			);
			path = WebView;
			sourceTree = "<group>";
		};
		B1D93EE024A058E500B9A16B /* ImagePicker */ = {
			isa = PBXGroup;
			children = (
				B1D93EE124A058E500B9A16B /* ImagePickerViewController.swift */,
				B1D93F8724A0594D00B9A16B /* ImagePicker.storyboard */,
			);
			path = ImagePicker;
			sourceTree = "<group>";
		};
		B1D93EE224A058E500B9A16B /* TableView */ = {
			isa = PBXGroup;
			children = (
				B1D93EE324A058E500B9A16B /* IntrinsicCollectionView.swift */,
				B1D93EE424A058E500B9A16B /* OuterTableViewCell.xib */,
				B1D93EE524A058E500B9A16B /* SharedTableViewCell.swift */,
				B1D93EE624A058E500B9A16B /* InnerCollectionViewCell.swift */,
				B1D93EE724A058E500B9A16B /* SharedCellCollectionViewController.swift */,
				B1D93EE824A058E500B9A16B /* ArticleTableViewCell.swift */,
				B1D93EE924A058E500B9A16B /* SharedCellTableViewController.swift */,
				B1D93EEA24A058E500B9A16B /* CollectionInTheCellTableViewController.swift */,
				B1D93EEB24A058E500B9A16B /* InnerCollectionViewCell.xib */,
				B1D93EEC24A058E500B9A16B /* SharedCollectionViewCell.swift */,
				B1D93EED24A058E500B9A16B /* InnerTableViewCell.xib */,
				B1D93EEE24A058E500B9A16B /* SharedCell.xib */,
				B1D93EEF24A058E500B9A16B /* OuterTableViewCell.swift */,
				B1D93EF024A058E500B9A16B /* CustomFlowLayout.swift */,
				B1D93EF124A058E500B9A16B /* IntrinsicTableView.swift */,
				B1D93EF224A058E500B9A16B /* SelfSizingCellTableViewController.swift */,
				B1D93EF324A058E500B9A16B /* SharedCell.swift */,
				B1D93EF424A058E500B9A16B /* InnerTableViewCell.swift */,
				B1D93F8324A0594D00B9A16B /* TableView.storyboard */,
			);
			path = TableView;
			sourceTree = "<group>";
		};
		B1D93EF524A058E500B9A16B /* TextTruncation */ = {
			isa = PBXGroup;
			children = (
				B1D93EF624A058E500B9A16B /* TextTruncationViewController.swift */,
				B1D93EF724A058E500B9A16B /* TextTruncation.storyboard */,
			);
			path = TextTruncation;
			sourceTree = "<group>";
		};
		B1D93EF824A058E500B9A16B /* Misc */ = {
			isa = PBXGroup;
			children = (
				B1D93EF924A058E500B9A16B /* UIView+Extension.swift */,
				B1D93EFA24A058E500B9A16B /* URLSession+DownloadImage.swift */,
				B1D93EFB24A058E500B9A16B /* UserDefaultsManager.swift */,
				B1D93EFC24A058E500B9A16B /* UIImageView+URL.swift */,
				B1D93EFD24A058E500B9A16B /* UIViewController+ActionSheetItemPicker.swift */,
			);
			path = Misc;
			sourceTree = "<group>";
		};
		B1D93EFE24A058E500B9A16B /* CollectionView */ = {
			isa = PBXGroup;
			children = (
				B1D93EFF24A058E500B9A16B /* HorizontalCollectionViewCell.swift */,
				B1D93F0024A058E500B9A16B /* SeparatorDecorationView.xib */,
				B1D93F0124A058E500B9A16B /* CollectionViewFlowLayoutWithDecorations.swift */,
				B1D93F0224A058E500B9A16B /* FloatingHeaderFlowLayout.swift */,
				B1D93F0324A058E500B9A16B /* SectionBackgroundView.xib */,
				B1D93F0424A058E500B9A16B /* PrototypeViewSizing.swift */,
				B1D93F0524A058E500B9A16B /* HorizontalCollectionViewController.swift */,
				B1D93F0624A058E500B9A16B /* PropotionalSizingCollectionViewController.swift */,
				B1D93F0724A058E500B9A16B /* PropotionalSizingCell.swift */,
				B1D93F0824A058E500B9A16B /* PropotionalSizingCell.xib */,
				B1D93F0924A058E500B9A16B /* GridCollectionViewController.swift */,
				B1D93F0A24A058E500B9A16B /* GridCollectionViewCell.swift */,
				B1D93F7B24A0594C00B9A16B /* CollectionView.storyboard */,
			);
			path = CollectionView;
			sourceTree = "<group>";
		};
		B1D93F0B24A058E600B9A16B /* VisualEffectView */ = {
			isa = PBXGroup;
			children = (
				B1D93F0C24A058E600B9A16B /* VisualEffectOverlayViewController.swift */,
				B1D93F7724A0594C00B9A16B /* VisualEffectView.storyboard */,
			);
			path = VisualEffectView;
			sourceTree = "<group>";
		};
		B1D93F0D24A058E600B9A16B /* AVCapture */ = {
			isa = PBXGroup;
			children = (
				B1D93F0E24A058E600B9A16B /* VideoCaptureViewController.swift */,
				B1D93F0F24A058E600B9A16B /* CodeReaderViewController.swift */,
				B1D93F7F24A0594D00B9A16B /* AVCapture.storyboard */,
			);
			path = AVCapture;
			sourceTree = "<group>";
		};
		B1D93F1024A058E600B9A16B /* AppleProduct */ = {
			isa = PBXGroup;
			children = (
				B1D93F1124A058E600B9A16B /* AppleProduct.swift */,
				B1D93F1224A058E600B9A16B /* AppleProductProvider.swift */,
				B1D93F1324A058E600B9A16B /* products.json */,
			);
			path = AppleProduct;
			sourceTree = "<group>";
		};
		B1D93F1424A058E600B9A16B /* TextView */ = {
			isa = PBXGroup;
			children = (
				B1D93F1524A058E600B9A16B /* TextViewScrollOrNotViewController.swift */,
				B1D93F1624A058E600B9A16B /* ReadMoreTextViewController.swift */,
				B1D93F7524A0594C00B9A16B /* TextView.storyboard */,
			);
			path = TextView;
			sourceTree = "<group>";
		};
		B1D93F1824A058E600B9A16B /* Alert */ = {
			isa = PBXGroup;
			children = (
				B1D93F1924A058E600B9A16B /* AlertAndActionSheetViewController.swift */,
				B1D93F7924A0594C00B9A16B /* Alert.storyboard */,
			);
			path = Alert;
			sourceTree = "<group>";
		};
		B1D93F1A24A058E600B9A16B /* Article */ = {
			isa = PBXGroup;
			children = (
				B1D93F1B24A058E600B9A16B /* articles.json */,
				B1D93F1C24A058E600B9A16B /* Article.swift */,
				B1D93F1D24A058E600B9A16B /* ArticleProvider.swift */,
			);
			path = Article;
			sourceTree = "<group>";
		};
		B1D93F1E24A058E600B9A16B /* Transition */ = {
			isa = PBXGroup;
			children = (
				B1D93F1F24A058E600B9A16B /* SemiCoveredPresentationTransition.swift */,
				B1D93F2024A058E600B9A16B /* Transition.storyboard */,
				B1D93F2124A058E600B9A16B /* TransitionCoverViewController.swift */,
				B1D93F2224A058E600B9A16B /* SemiCoveredTransitionViewController.swift */,
			);
			path = Transition;
			sourceTree = "<group>";
		};
		B1D93F2324A058E700B9A16B /* ScrollView */ = {
			isa = PBXGroup;
			children = (
				B1D93F2424A058E700B9A16B /* BasicScrollViewController.swift */,
				B1D93F8124A0594D00B9A16B /* ScrollView.storyboard */,
			);
			path = ScrollView;
			sourceTree = "<group>";
		};
/* End PBXGroup section */

/* Begin PBXNativeTarget section */
		B1541FC924A0575200B9E4C6 /* UICatalog */ = {
			isa = PBXNativeTarget;
			buildConfigurationList = B1541FDE24A0575500B9E4C6 /* Build configuration list for PBXNativeTarget "UICatalog" */;
			buildPhases = (
				B1541FC624A0575200B9E4C6 /* Sources */,
				B1541FC724A0575200B9E4C6 /* Frameworks */,
				B1541FC824A0575200B9E4C6 /* Resources */,
			);
			buildRules = (
			);
			dependencies = (
			);
			name = UICatalog;
			productName = UICatalog;
			productReference = B1541FCA24A0575200B9E4C6 /* UICatalog.app */;
			productType = "com.apple.product-type.application";
		};
/* End PBXNativeTarget section */

/* Begin PBXProject section */
		B1541FC224A0575200B9E4C6 /* Project object */ = {
			isa = PBXProject;
			attributes = {
				LastSwiftUpdateCheck = 1150;
				LastUpgradeCheck = 1150;
				ORGANIZATIONNAME = imk2o;
				TargetAttributes = {
					B1541FC924A0575200B9E4C6 = {
						CreatedOnToolsVersion = 11.5;
					};
				};
			};
			buildConfigurationList = B1541FC524A0575200B9E4C6 /* Build configuration list for PBXProject "UICatalog" */;
			compatibilityVersion = "Xcode 9.3";
			developmentRegion = en;
			hasScannedForEncodings = 0;
			knownRegions = (
				en,
				Base,
			);
			mainGroup = B1541FC124A0575200B9E4C6;
			productRefGroup = B1541FCB24A0575200B9E4C6 /* Products */;
			projectDirPath = "";
			projectRoot = "";
			targets = (
				B1541FC924A0575200B9E4C6 /* UICatalog */,
			);
		};
/* End PBXProject section */

/* Begin PBXResourcesBuildPhase section */
		B1541FC824A0575200B9E4C6 /* Resources */ = {
			isa = PBXResourcesBuildPhase;
			buildActionMask = 2147483647;
			files = (
				B1D93F4524A058E700B9A16B /* SharedCell.xib in Resources */,
				B1D93F5424A058E700B9A16B /* SeparatorDecorationView.xib in Resources */,
				B1D93F3024A058E700B9A16B /* CustomView.storyboard in Resources */,
				B1D93F8B24A0594E00B9A16B /* PageView.storyboard in Resources */,
				B1D93F9324A0594E00B9A16B /* ScrollView.storyboard in Resources */,
				B1D93F5C24A058E700B9A16B /* PropotionalSizingCell.xib in Resources */,
				B1D93F9424A0594E00B9A16B /* TableView.storyboard in Resources */,
				B1D93F8D24A0594E00B9A16B /* TextView.storyboard in Resources */,
				B1D93F3B24A058E700B9A16B /* OuterTableViewCell.xib in Resources */,
				B1D93F2724A058E700B9A16B /* Popover.storyboard in Resources */,
				B1D93F4D24A058E700B9A16B /* TextTruncation.storyboard in Resources */,
				B1D93F6D24A058E700B9A16B /* Transition.storyboard in Resources */,
				B1D93F8E24A0594E00B9A16B /* VisualEffectView.storyboard in Resources */,
				B1541FDA24A0575500B9E4C6 /* LaunchScreen.storyboard in Resources */,
				B1D93F9624A0594E00B9A16B /* ImagePicker.storyboard in Resources */,
				B1541FD724A0575500B9E4C6 /* Assets.xcassets in Resources */,
				B1D93F6424A058E700B9A16B /* products.json in Resources */,
				B1D93F3824A058E700B9A16B /* Assets.xcassets in Resources */,
				B1D93F9024A0594E00B9A16B /* CollectionView.storyboard in Resources */,
				B1D93F9224A0594E00B9A16B /* AVCapture.storyboard in Resources */,
				B1D93F9724A0594E00B9A16B /* Appearance.storyboard in Resources */,
				B1D93F3624A058E700B9A16B /* WebView.storyboard in Resources */,
				B1D93F9124A0594E00B9A16B /* ChildView.storyboard in Resources */,
				B1D93F6924A058E700B9A16B /* articles.json in Resources */,
				B1D93F9524A0594E00B9A16B /* Search.storyboard in Resources */,
				B1D93F4224A058E700B9A16B /* InnerCollectionViewCell.xib in Resources */,
				B1D93F4424A058E700B9A16B /* InnerTableViewCell.xib in Resources */,
				B1D93F5724A058E700B9A16B /* SectionBackgroundView.xib in Resources */,
				B1D93F8C24A0594E00B9A16B /* MapView.storyboard in Resources */,
				B1D93F8F24A0594E00B9A16B /* Alert.storyboard in Resources */,
				B1541FD524A0575200B9E4C6 /* Main.storyboard in Resources */,
			);
			runOnlyForDeploymentPostprocessing = 0;
		};
/* End PBXResourcesBuildPhase section */

/* Begin PBXSourcesBuildPhase section */
		B1541FC624A0575200B9E4C6 /* Sources */ = {
			isa = PBXSourcesBuildPhase;
			buildActionMask = 2147483647;
			files = (
				B1D93F6F24A058E700B9A16B /* SemiCoveredTransitionViewController.swift in Sources */,
				B1D93F6C24A058E700B9A16B /* SemiCoveredPresentationTransition.swift in Sources */,
				B1D93F5A24A058E700B9A16B /* PropotionalSizingCollectionViewController.swift in Sources */,
				B1D93F6B24A058E700B9A16B /* ArticleProvider.swift in Sources */,
				B1D93F3924A058E700B9A16B /* ImagePickerViewController.swift in Sources */,
				B1D93F6124A058E700B9A16B /* CodeReaderViewController.swift in Sources */,
				B1D93F3524A058E700B9A16B /* RoundedRectLabel.swift in Sources */,
				B1D93F2824A058E700B9A16B /* PopoverParentViewController.swift in Sources */,
				B1D93F6E24A058E700B9A16B /* TransitionCoverViewController.swift in Sources */,
				B1D93F5F24A058E700B9A16B /* VisualEffectOverlayViewController.swift in Sources */,
				B1D93F6224A058E700B9A16B /* AppleProduct.swift in Sources */,
				B1D93F4824A058E700B9A16B /* IntrinsicTableView.swift in Sources */,
				B1D93F3E24A058E700B9A16B /* SharedCellCollectionViewController.swift in Sources */,
				B1D93F4024A058E700B9A16B /* SharedCellTableViewController.swift in Sources */,
				B1D93F4124A058E700B9A16B /* CollectionInTheCellTableViewController.swift in Sources */,
				B1D93F6A24A058E700B9A16B /* Article.swift in Sources */,
				B1D93F5D24A058E700B9A16B /* GridCollectionViewController.swift in Sources */,
				B1D93F4724A058E700B9A16B /* CustomFlowLayout.swift in Sources */,
				B1D93F3A24A058E700B9A16B /* IntrinsicCollectionView.swift in Sources */,
				B1D93F3424A058E700B9A16B /* MenuViewController.swift in Sources */,
				B1D93F5324A058E700B9A16B /* HorizontalCollectionViewCell.swift in Sources */,
				B1D93F2C24A058E700B9A16B /* PageContentViewController.swift in Sources */,
				B1D93F5E24A058E700B9A16B /* GridCollectionViewCell.swift in Sources */,
				B1D93F2F24A058E700B9A16B /* DesignedComponentsViewController.swift in Sources */,
				B1D93F5924A058E700B9A16B /* HorizontalCollectionViewController.swift in Sources */,
				B1D93F3724A058E700B9A16B /* UIWebViewController.swift in Sources */,
				B1D93F7024A058E700B9A16B /* BasicScrollViewController.swift in Sources */,
				B1D93F3F24A058E700B9A16B /* ArticleTableViewCell.swift in Sources */,
				B1D93F5824A058E700B9A16B /* PrototypeViewSizing.swift in Sources */,
				B1D93F6524A058E700B9A16B /* TextViewScrollOrNotViewController.swift in Sources */,
				B1D93F5024A058E700B9A16B /* UserDefaultsManager.swift in Sources */,
				B1D93F3224A058E700B9A16B /* NavigationBarAppearanceViewController.swift in Sources */,
				B1D93F2B24A058E700B9A16B /* ScrollPagingViewDataSource.swift in Sources */,
				B1D93F3C24A058E700B9A16B /* SharedTableViewCell.swift in Sources */,
				B1D93F4C24A058E700B9A16B /* TextTruncationViewController.swift in Sources */,
				B1D93F3D24A058E700B9A16B /* InnerCollectionViewCell.swift in Sources */,
				B1D93F4B24A058E700B9A16B /* InnerTableViewCell.swift in Sources */,
				B1D93F6024A058E700B9A16B /* VideoCaptureViewController.swift in Sources */,
				B1D93F3124A058E700B9A16B /* UIAppearanceViewController.swift in Sources */,
				B1D93F5124A058E700B9A16B /* UIImageView+URL.swift in Sources */,
				B1D93F6724A058E700B9A16B /* MainViewController.swift in Sources */,
				B1D93F6824A058E700B9A16B /* AlertAndActionSheetViewController.swift in Sources */,
				B1D93F5624A058E700B9A16B /* FloatingHeaderFlowLayout.swift in Sources */,
				B1D93F5224A058E700B9A16B /* UIViewController+ActionSheetItemPicker.swift in Sources */,
				B1D93F6624A058E700B9A16B /* ReadMoreTextViewController.swift in Sources */,
				B1D93F4324A058E700B9A16B /* SharedCollectionViewCell.swift in Sources */,
				B1D93F5B24A058E700B9A16B /* PropotionalSizingCell.swift in Sources */,
				B1D93F2A24A058E700B9A16B /* SwitchChildrenViewController.swift in Sources */,
				B1D93F2524A058E700B9A16B /* SearchViewController.swift in Sources */,
				B1D93F4F24A058E700B9A16B /* URLSession+DownloadImage.swift in Sources */,
				B1D93F4E24A058E700B9A16B /* UIView+Extension.swift in Sources */,
				B1D93F2624A058E700B9A16B /* SearchViewDataSource.swift in Sources */,
				B1D93F2924A058E700B9A16B /* PopoverContentViewController.swift in Sources */,
				B1D93F2E24A058E700B9A16B /* RoundedRectButton.swift in Sources */,
				B1541FCE24A0575200B9E4C6 /* AppDelegate.swift in Sources */,
				B1D93F4624A058E700B9A16B /* OuterTableViewCell.swift in Sources */,
				B1D93F4924A058E700B9A16B /* SelfSizingCellTableViewController.swift in Sources */,
				B1D93F5524A058E700B9A16B /* CollectionViewFlowLayoutWithDecorations.swift in Sources */,
				B1D93F2D24A058E700B9A16B /* ScrollPagingViewController.swift in Sources */,
				B1D93F3324A058E700B9A16B /* MapViewController.swift in Sources */,
				B1D93F4A24A058E700B9A16B /* SharedCell.swift in Sources */,
				B1D93F6324A058E700B9A16B /* AppleProductProvider.swift in Sources */,
			);
			runOnlyForDeploymentPostprocessing = 0;
		};
/* End PBXSourcesBuildPhase section */

/* Begin PBXVariantGroup section */
		B1541FD324A0575200B9E4C6 /* Main.storyboard */ = {
			isa = PBXVariantGroup;
			children = (
				B1541FD424A0575200B9E4C6 /* Base */,
			);
			name = Main.storyboard;
			sourceTree = "<group>";
		};
		B1541FD824A0575500B9E4C6 /* LaunchScreen.storyboard */ = {
			isa = PBXVariantGroup;
			children = (
				B1541FD924A0575500B9E4C6 /* Base */,
			);
			name = LaunchScreen.storyboard;
			sourceTree = "<group>";
		};
		B1D93F7124A0594B00B9A16B /* PageView.storyboard */ = {
			isa = PBXVariantGroup;
			children = (
				B1D93F7224A0594B00B9A16B /* Base */,
			);
			name = PageView.storyboard;
			sourceTree = "<group>";
		};
		B1D93F7324A0594C00B9A16B /* MapView.storyboard */ = {
			isa = PBXVariantGroup;
			children = (
				B1D93F7424A0594C00B9A16B /* Base */,
			);
			name = MapView.storyboard;
			sourceTree = "<group>";
		};
		B1D93F7524A0594C00B9A16B /* TextView.storyboard */ = {
			isa = PBXVariantGroup;
			children = (
				B1D93F7624A0594C00B9A16B /* Base */,
			);
			name = TextView.storyboard;
			sourceTree = "<group>";
		};
		B1D93F7724A0594C00B9A16B /* VisualEffectView.storyboard */ = {
			isa = PBXVariantGroup;
			children = (
				B1D93F7824A0594C00B9A16B /* Base */,
			);
			name = VisualEffectView.storyboard;
			sourceTree = "<group>";
		};
		B1D93F7924A0594C00B9A16B /* Alert.storyboard */ = {
			isa = PBXVariantGroup;
			children = (
				B1D93F7A24A0594C00B9A16B /* Base */,
			);
			name = Alert.storyboard;
			sourceTree = "<group>";
		};
		B1D93F7B24A0594C00B9A16B /* CollectionView.storyboard */ = {
			isa = PBXVariantGroup;
			children = (
				B1D93F7C24A0594C00B9A16B /* Base */,
			);
			name = CollectionView.storyboard;
			sourceTree = "<group>";
		};
		B1D93F7D24A0594C00B9A16B /* ChildView.storyboard */ = {
			isa = PBXVariantGroup;
			children = (
				B1D93F7E24A0594C00B9A16B /* Base */,
			);
			name = ChildView.storyboard;
			sourceTree = "<group>";
		};
		B1D93F7F24A0594D00B9A16B /* AVCapture.storyboard */ = {
			isa = PBXVariantGroup;
			children = (
				B1D93F8024A0594D00B9A16B /* Base */,
			);
			name = AVCapture.storyboard;
			sourceTree = "<group>";
		};
		B1D93F8124A0594D00B9A16B /* ScrollView.storyboard */ = {
			isa = PBXVariantGroup;
			children = (
				B1D93F8224A0594D00B9A16B /* Base */,
			);
			name = ScrollView.storyboard;
			sourceTree = "<group>";
		};
		B1D93F8324A0594D00B9A16B /* TableView.storyboard */ = {
			isa = PBXVariantGroup;
			children = (
				B1D93F8424A0594D00B9A16B /* Base */,
			);
			name = TableView.storyboard;
			sourceTree = "<group>";
		};
		B1D93F8524A0594D00B9A16B /* Search.storyboard */ = {
			isa = PBXVariantGroup;
			children = (
				B1D93F8624A0594D00B9A16B /* Base */,
			);
			name = Search.storyboard;
			sourceTree = "<group>";
		};
		B1D93F8724A0594D00B9A16B /* ImagePicker.storyboard */ = {
			isa = PBXVariantGroup;
			children = (
				B1D93F8824A0594D00B9A16B /* Base */,
			);
			name = ImagePicker.storyboard;
			sourceTree = "<group>";
		};
		B1D93F8924A0594D00B9A16B /* Appearance.storyboard */ = {
			isa = PBXVariantGroup;
			children = (
				B1D93F8A24A0594D00B9A16B /* Base */,
			);
			name = Appearance.storyboard;
			sourceTree = "<group>";
		};
/* End PBXVariantGroup section */

/* Begin XCBuildConfiguration section */
		B1541FDC24A0575500B9E4C6 /* Debug */ = {
			isa = XCBuildConfiguration;
			buildSettings = {
				ALWAYS_SEARCH_USER_PATHS = NO;
				CLANG_ANALYZER_NONNULL = YES;
				CLANG_ANALYZER_NUMBER_OBJECT_CONVERSION = YES_AGGRESSIVE;
				CLANG_CXX_LANGUAGE_STANDARD = "gnu++14";
				CLANG_CXX_LIBRARY = "libc++";
				CLANG_ENABLE_MODULES = YES;
				CLANG_ENABLE_OBJC_ARC = YES;
				CLANG_ENABLE_OBJC_WEAK = YES;
				CLANG_WARN_BLOCK_CAPTURE_AUTORELEASING = YES;
				CLANG_WARN_BOOL_CONVERSION = YES;
				CLANG_WARN_COMMA = YES;
				CLANG_WARN_CONSTANT_CONVERSION = YES;
				CLANG_WARN_DEPRECATED_OBJC_IMPLEMENTATIONS = YES;
				CLANG_WARN_DIRECT_OBJC_ISA_USAGE = YES_ERROR;
				CLANG_WARN_DOCUMENTATION_COMMENTS = YES;
				CLANG_WARN_EMPTY_BODY = YES;
				CLANG_WARN_ENUM_CONVERSION = YES;
				CLANG_WARN_INFINITE_RECURSION = YES;
				CLANG_WARN_INT_CONVERSION = YES;
				CLANG_WARN_NON_LITERAL_NULL_CONVERSION = YES;
				CLANG_WARN_OBJC_IMPLICIT_RETAIN_SELF = YES;
				CLANG_WARN_OBJC_LITERAL_CONVERSION = YES;
				CLANG_WARN_OBJC_ROOT_CLASS = YES_ERROR;
				CLANG_WARN_RANGE_LOOP_ANALYSIS = YES;
				CLANG_WARN_STRICT_PROTOTYPES = YES;
				CLANG_WARN_SUSPICIOUS_MOVE = YES;
				CLANG_WARN_UNGUARDED_AVAILABILITY = YES_AGGRESSIVE;
				CLANG_WARN_UNREACHABLE_CODE = YES;
				CLANG_WARN__DUPLICATE_METHOD_MATCH = YES;
				COPY_PHASE_STRIP = NO;
				DEBUG_INFORMATION_FORMAT = dwarf;
				ENABLE_STRICT_OBJC_MSGSEND = YES;
				ENABLE_TESTABILITY = YES;
				GCC_C_LANGUAGE_STANDARD = gnu11;
				GCC_DYNAMIC_NO_PIC = NO;
				GCC_NO_COMMON_BLOCKS = YES;
				GCC_OPTIMIZATION_LEVEL = 0;
				GCC_PREPROCESSOR_DEFINITIONS = (
					"DEBUG=1",
					"$(inherited)",
				);
				GCC_WARN_64_TO_32_BIT_CONVERSION = YES;
				GCC_WARN_ABOUT_RETURN_TYPE = YES_ERROR;
				GCC_WARN_UNDECLARED_SELECTOR = YES;
				GCC_WARN_UNINITIALIZED_AUTOS = YES_AGGRESSIVE;
				GCC_WARN_UNUSED_FUNCTION = YES;
				GCC_WARN_UNUSED_VARIABLE = YES;
				IPHONEOS_DEPLOYMENT_TARGET = 11.0;
				MTL_ENABLE_DEBUG_INFO = INCLUDE_SOURCE;
				MTL_FAST_MATH = YES;
				ONLY_ACTIVE_ARCH = YES;
				SDKROOT = iphoneos;
				SWIFT_ACTIVE_COMPILATION_CONDITIONS = DEBUG;
				SWIFT_OPTIMIZATION_LEVEL = "-Onone";
			};
			name = Debug;
		};
		B1541FDD24A0575500B9E4C6 /* Release */ = {
			isa = XCBuildConfiguration;
			buildSettings = {
				ALWAYS_SEARCH_USER_PATHS = NO;
				CLANG_ANALYZER_NONNULL = YES;
				CLANG_ANALYZER_NUMBER_OBJECT_CONVERSION = YES_AGGRESSIVE;
				CLANG_CXX_LANGUAGE_STANDARD = "gnu++14";
				CLANG_CXX_LIBRARY = "libc++";
				CLANG_ENABLE_MODULES = YES;
				CLANG_ENABLE_OBJC_ARC = YES;
				CLANG_ENABLE_OBJC_WEAK = YES;
				CLANG_WARN_BLOCK_CAPTURE_AUTORELEASING = YES;
				CLANG_WARN_BOOL_CONVERSION = YES;
				CLANG_WARN_COMMA = YES;
				CLANG_WARN_CONSTANT_CONVERSION = YES;
				CLANG_WARN_DEPRECATED_OBJC_IMPLEMENTATIONS = YES;
				CLANG_WARN_DIRECT_OBJC_ISA_USAGE = YES_ERROR;
				CLANG_WARN_DOCUMENTATION_COMMENTS = YES;
				CLANG_WARN_EMPTY_BODY = YES;
				CLANG_WARN_ENUM_CONVERSION = YES;
				CLANG_WARN_INFINITE_RECURSION = YES;
				CLANG_WARN_INT_CONVERSION = YES;
				CLANG_WARN_NON_LITERAL_NULL_CONVERSION = YES;
				CLANG_WARN_OBJC_IMPLICIT_RETAIN_SELF = YES;
				CLANG_WARN_OBJC_LITERAL_CONVERSION = YES;
				CLANG_WARN_OBJC_ROOT_CLASS = YES_ERROR;
				CLANG_WARN_RANGE_LOOP_ANALYSIS = YES;
				CLANG_WARN_STRICT_PROTOTYPES = YES;
				CLANG_WARN_SUSPICIOUS_MOVE = YES;
				CLANG_WARN_UNGUARDED_AVAILABILITY = YES_AGGRESSIVE;
				CLANG_WARN_UNREACHABLE_CODE = YES;
				CLANG_WARN__DUPLICATE_METHOD_MATCH = YES;
				COPY_PHASE_STRIP = NO;
				DEBUG_INFORMATION_FORMAT = "dwarf-with-dsym";
				ENABLE_NS_ASSERTIONS = NO;
				ENABLE_STRICT_OBJC_MSGSEND = YES;
				GCC_C_LANGUAGE_STANDARD = gnu11;
				GCC_NO_COMMON_BLOCKS = YES;
				GCC_WARN_64_TO_32_BIT_CONVERSION = YES;
				GCC_WARN_ABOUT_RETURN_TYPE = YES_ERROR;
				GCC_WARN_UNDECLARED_SELECTOR = YES;
				GCC_WARN_UNINITIALIZED_AUTOS = YES_AGGRESSIVE;
				GCC_WARN_UNUSED_FUNCTION = YES;
				GCC_WARN_UNUSED_VARIABLE = YES;
				IPHONEOS_DEPLOYMENT_TARGET = 11.0;
				MTL_ENABLE_DEBUG_INFO = NO;
				MTL_FAST_MATH = YES;
				SDKROOT = iphoneos;
				SWIFT_COMPILATION_MODE = wholemodule;
				SWIFT_OPTIMIZATION_LEVEL = "-O";
				VALIDATE_PRODUCT = YES;
			};
			name = Release;
		};
		B1541FDF24A0575500B9E4C6 /* Debug */ = {
			isa = XCBuildConfiguration;
			buildSettings = {
				ASSETCATALOG_COMPILER_APPICON_NAME = AppIcon;
				CODE_SIGN_STYLE = Automatic;
				DEVELOPMENT_TEAM = 427QQ329ZX;
				INFOPLIST_FILE = UICatalog/Info.plist;
				LD_RUNPATH_SEARCH_PATHS = (
					"$(inherited)",
					"@executable_path/Frameworks",
				);
				PRODUCT_BUNDLE_IDENTIFIER = co.imk2o.UICatalog;
				PRODUCT_NAME = "$(TARGET_NAME)";
				SWIFT_VERSION = 5.0;
				TARGETED_DEVICE_FAMILY = "1,2";
			};
			name = Debug;
		};
		B1541FE024A0575500B9E4C6 /* Release */ = {
			isa = XCBuildConfiguration;
			buildSettings = {
				ASSETCATALOG_COMPILER_APPICON_NAME = AppIcon;
				CODE_SIGN_STYLE = Automatic;
				DEVELOPMENT_TEAM = 427QQ329ZX;
				INFOPLIST_FILE = UICatalog/Info.plist;
				LD_RUNPATH_SEARCH_PATHS = (
					"$(inherited)",
					"@executable_path/Frameworks",
				);
				PRODUCT_BUNDLE_IDENTIFIER = co.imk2o.UICatalog;
				PRODUCT_NAME = "$(TARGET_NAME)";
				SWIFT_VERSION = 5.0;
				TARGETED_DEVICE_FAMILY = "1,2";
			};
			name = Release;
		};
/* End XCBuildConfiguration section */

/* Begin XCConfigurationList section */
		B1541FC524A0575200B9E4C6 /* Build configuration list for PBXProject "UICatalog" */ = {
			isa = XCConfigurationList;
			buildConfigurations = (
				B1541FDC24A0575500B9E4C6 /* Debug */,
				B1541FDD24A0575500B9E4C6 /* Release */,
			);
			defaultConfigurationIsVisible = 0;
			defaultConfigurationName = Release;
		};
		B1541FDE24A0575500B9E4C6 /* Build configuration list for PBXNativeTarget "UICatalog" */ = {
			isa = XCConfigurationList;
			buildConfigurations = (
				B1541FDF24A0575500B9E4C6 /* Debug */,
				B1541FE024A0575500B9E4C6 /* Release */,
			);
			defaultConfigurationIsVisible = 0;
			defaultConfigurationName = Release;
		};
/* End XCConfigurationList section */
	};
	rootObject = B1541FC224A0575200B9E4C6 /* Project object */;
}
